// !$*UTF8*$!
{
	archiveVersion = 1;
	classes = {
	};
	objectVersion = 56;
	objects = {

/* Begin PBXBuildFile section */
		3A6F75D529EFEA600067FBB9 /* Methods.swift in Sources */ = {isa = PBXBuildFile; fileRef = 3A6F75D429EFEA600067FBB9 /* Methods.swift */; };
		3A6F75DA29EFEB930067FBB9 /* API.swift in Sources */ = {isa = PBXBuildFile; fileRef = 3A6F75D929EFEB930067FBB9 /* API.swift */; };
		3AEA1D0D29E81C90005369C4 /* LoginStoryboard.storyboard in Resources */ = {isa = PBXBuildFile; fileRef = 3AEA1D0C29E81C90005369C4 /* LoginStoryboard.storyboard */; };
		3AEA1D0F29E81CBA005369C4 /* LoginViewController.swift in Sources */ = {isa = PBXBuildFile; fileRef = 3AEA1D0E29E81CBA005369C4 /* LoginViewController.swift */; };
		6BECC3AD29F10110006A243F /* OnboardingStoryboard.storyboard in Resources */ = {isa = PBXBuildFile; fileRef = 6BECC3AC29F10110006A243F /* OnboardingStoryboard.storyboard */; };
		E3620D7629ED3BC8008F9B98 /* TabBarViewController.swift in Sources */ = {isa = PBXBuildFile; fileRef = E3620D7529ED3BC8008F9B98 /* TabBarViewController.swift */; };
		E3620D7829ED3CE7008F9B98 /* DiscoverStoryboard.storyboard in Resources */ = {isa = PBXBuildFile; fileRef = E3620D7729ED3CE7008F9B98 /* DiscoverStoryboard.storyboard */; };
		E3620D7A29ED3DD6008F9B98 /* AppointmentsStoryboard.storyboard in Resources */ = {isa = PBXBuildFile; fileRef = E3620D7929ED3DD6008F9B98 /* AppointmentsStoryboard.storyboard */; };
		E3620D7C29ED3DDF008F9B98 /* ChatStoryboard.storyboard in Resources */ = {isa = PBXBuildFile; fileRef = E3620D7B29ED3DDF008F9B98 /* ChatStoryboard.storyboard */; };
		E3620D7E29ED3E01008F9B98 /* ConsultStoryboard.storyboard in Resources */ = {isa = PBXBuildFile; fileRef = E3620D7D29ED3E01008F9B98 /* ConsultStoryboard.storyboard */; };
		E3620D8029ED3E0F008F9B98 /* RecordsStoryboard.storyboard in Resources */ = {isa = PBXBuildFile; fileRef = E3620D7F29ED3E0F008F9B98 /* RecordsStoryboard.storyboard */; };
		E3620D8229ED3E18008F9B98 /* PatientProfileStoryboard.storyboard in Resources */ = {isa = PBXBuildFile; fileRef = E3620D8129ED3E18008F9B98 /* PatientProfileStoryboard.storyboard */; };
		E3620D8629ED3E5C008F9B98 /* DoctorProfileStoryboard.storyboard in Resources */ = {isa = PBXBuildFile; fileRef = E3620D8529ED3E5C008F9B98 /* DoctorProfileStoryboard.storyboard */; };
		E3620D8829ED3E6B008F9B98 /* HomeStoryboard.storyboard in Resources */ = {isa = PBXBuildFile; fileRef = E3620D8729ED3E6B008F9B98 /* HomeStoryboard.storyboard */; };
		E3A0D4C229E40F9A00894838 /* AppDelegate.swift in Sources */ = {isa = PBXBuildFile; fileRef = E3A0D4C129E40F9A00894838 /* AppDelegate.swift */; };
		E3A0D4C429E40F9A00894838 /* SceneDelegate.swift in Sources */ = {isa = PBXBuildFile; fileRef = E3A0D4C329E40F9A00894838 /* SceneDelegate.swift */; };
		E3A0D4C629E40F9A00894838 /* ViewController.swift in Sources */ = {isa = PBXBuildFile; fileRef = E3A0D4C529E40F9A00894838 /* ViewController.swift */; };
		E3A0D4C929E40F9A00894838 /* Main.storyboard in Resources */ = {isa = PBXBuildFile; fileRef = E3A0D4C729E40F9A00894838 /* Main.storyboard */; };
		E3A0D4CB29E40F9B00894838 /* Assets.xcassets in Resources */ = {isa = PBXBuildFile; fileRef = E3A0D4CA29E40F9B00894838 /* Assets.xcassets */; };
		E3A0D4CE29E40F9B00894838 /* LaunchScreen.storyboard in Resources */ = {isa = PBXBuildFile; fileRef = E3A0D4CC29E40F9B00894838 /* LaunchScreen.storyboard */; };
		E3A0D4D929E40F9B00894838 /* HMS_Team3_SwiftAppTests.swift in Sources */ = {isa = PBXBuildFile; fileRef = E3A0D4D829E40F9B00894838 /* HMS_Team3_SwiftAppTests.swift */; };
		E3A0D4E329E40F9B00894838 /* HMS_Team3_SwiftAppUITests.swift in Sources */ = {isa = PBXBuildFile; fileRef = E3A0D4E229E40F9B00894838 /* HMS_Team3_SwiftAppUITests.swift */; };
		E3A0D4E529E40F9B00894838 /* HMS_Team3_SwiftAppUITestsLaunchTests.swift in Sources */ = {isa = PBXBuildFile; fileRef = E3A0D4E429E40F9B00894838 /* HMS_Team3_SwiftAppUITestsLaunchTests.swift */; };
/* End PBXBuildFile section */

/* Begin PBXContainerItemProxy section */
		E3A0D4D529E40F9B00894838 /* PBXContainerItemProxy */ = {
			isa = PBXContainerItemProxy;
			containerPortal = E3A0D4B629E40F9A00894838 /* Project object */;
			proxyType = 1;
			remoteGlobalIDString = E3A0D4BD29E40F9A00894838;
			remoteInfo = "HMS-Team3-SwiftApp";
		};
		E3A0D4DF29E40F9B00894838 /* PBXContainerItemProxy */ = {
			isa = PBXContainerItemProxy;
			containerPortal = E3A0D4B629E40F9A00894838 /* Project object */;
			proxyType = 1;
			remoteGlobalIDString = E3A0D4BD29E40F9A00894838;
			remoteInfo = "HMS-Team3-SwiftApp";
		};
/* End PBXContainerItemProxy section */

/* Begin PBXFileReference section */
		3A6F75D429EFEA600067FBB9 /* Methods.swift */ = {isa = PBXFileReference; lastKnownFileType = sourcecode.swift; path = Methods.swift; sourceTree = "<group>"; };
		3A6F75D929EFEB930067FBB9 /* API.swift */ = {isa = PBXFileReference; lastKnownFileType = sourcecode.swift; path = API.swift; sourceTree = "<group>"; };
		3AEA1D0C29E81C90005369C4 /* LoginStoryboard.storyboard */ = {isa = PBXFileReference; lastKnownFileType = file.storyboard; path = LoginStoryboard.storyboard; sourceTree = "<group>"; };
		3AEA1D0E29E81CBA005369C4 /* LoginViewController.swift */ = {isa = PBXFileReference; lastKnownFileType = sourcecode.swift; path = LoginViewController.swift; sourceTree = "<group>"; };
		6BECC3AC29F10110006A243F /* OnboardingStoryboard.storyboard */ = {isa = PBXFileReference; lastKnownFileType = file.storyboard; path = OnboardingStoryboard.storyboard; sourceTree = "<group>"; };
		E3620D7529ED3BC8008F9B98 /* TabBarViewController.swift */ = {isa = PBXFileReference; lastKnownFileType = sourcecode.swift; path = TabBarViewController.swift; sourceTree = "<group>"; };
		E3620D7729ED3CE7008F9B98 /* DiscoverStoryboard.storyboard */ = {isa = PBXFileReference; lastKnownFileType = file.storyboard; path = DiscoverStoryboard.storyboard; sourceTree = "<group>"; };
		E3620D7929ED3DD6008F9B98 /* AppointmentsStoryboard.storyboard */ = {isa = PBXFileReference; lastKnownFileType = file.storyboard; path = AppointmentsStoryboard.storyboard; sourceTree = "<group>"; };
		E3620D7B29ED3DDF008F9B98 /* ChatStoryboard.storyboard */ = {isa = PBXFileReference; lastKnownFileType = file.storyboard; path = ChatStoryboard.storyboard; sourceTree = "<group>"; };
		E3620D7D29ED3E01008F9B98 /* ConsultStoryboard.storyboard */ = {isa = PBXFileReference; lastKnownFileType = file.storyboard; path = ConsultStoryboard.storyboard; sourceTree = "<group>"; };
		E3620D7F29ED3E0F008F9B98 /* RecordsStoryboard.storyboard */ = {isa = PBXFileReference; lastKnownFileType = file.storyboard; path = RecordsStoryboard.storyboard; sourceTree = "<group>"; };
		E3620D8129ED3E18008F9B98 /* PatientProfileStoryboard.storyboard */ = {isa = PBXFileReference; lastKnownFileType = file.storyboard; path = PatientProfileStoryboard.storyboard; sourceTree = "<group>"; };
		E3620D8529ED3E5C008F9B98 /* DoctorProfileStoryboard.storyboard */ = {isa = PBXFileReference; lastKnownFileType = file.storyboard; path = DoctorProfileStoryboard.storyboard; sourceTree = "<group>"; };
		E3620D8729ED3E6B008F9B98 /* HomeStoryboard.storyboard */ = {isa = PBXFileReference; lastKnownFileType = file.storyboard; path = HomeStoryboard.storyboard; sourceTree = "<group>"; };
		E3A0D4BE29E40F9A00894838 /* HMS-Team3-SwiftApp.app */ = {isa = PBXFileReference; explicitFileType = wrapper.application; includeInIndex = 0; path = "HMS-Team3-SwiftApp.app"; sourceTree = BUILT_PRODUCTS_DIR; };
		E3A0D4C129E40F9A00894838 /* AppDelegate.swift */ = {isa = PBXFileReference; lastKnownFileType = sourcecode.swift; path = AppDelegate.swift; sourceTree = "<group>"; };
		E3A0D4C329E40F9A00894838 /* SceneDelegate.swift */ = {isa = PBXFileReference; lastKnownFileType = sourcecode.swift; path = SceneDelegate.swift; sourceTree = "<group>"; };
		E3A0D4C529E40F9A00894838 /* ViewController.swift */ = {isa = PBXFileReference; lastKnownFileType = sourcecode.swift; path = ViewController.swift; sourceTree = "<group>"; };
		E3A0D4C829E40F9A00894838 /* Base */ = {isa = PBXFileReference; lastKnownFileType = file.storyboard; name = Base; path = Base.lproj/Main.storyboard; sourceTree = "<group>"; };
		E3A0D4CA29E40F9B00894838 /* Assets.xcassets */ = {isa = PBXFileReference; lastKnownFileType = folder.assetcatalog; path = Assets.xcassets; sourceTree = "<group>"; };
		E3A0D4CD29E40F9B00894838 /* Base */ = {isa = PBXFileReference; lastKnownFileType = file.storyboard; name = Base; path = Base.lproj/LaunchScreen.storyboard; sourceTree = "<group>"; };
		E3A0D4CF29E40F9B00894838 /* Info.plist */ = {isa = PBXFileReference; lastKnownFileType = text.plist.xml; path = Info.plist; sourceTree = "<group>"; };
		E3A0D4D429E40F9B00894838 /* HMS-Team3-SwiftAppTests.xctest */ = {isa = PBXFileReference; explicitFileType = wrapper.cfbundle; includeInIndex = 0; path = "HMS-Team3-SwiftAppTests.xctest"; sourceTree = BUILT_PRODUCTS_DIR; };
		E3A0D4D829E40F9B00894838 /* HMS_Team3_SwiftAppTests.swift */ = {isa = PBXFileReference; lastKnownFileType = sourcecode.swift; path = HMS_Team3_SwiftAppTests.swift; sourceTree = "<group>"; };
		E3A0D4DE29E40F9B00894838 /* HMS-Team3-SwiftAppUITests.xctest */ = {isa = PBXFileReference; explicitFileType = wrapper.cfbundle; includeInIndex = 0; path = "HMS-Team3-SwiftAppUITests.xctest"; sourceTree = BUILT_PRODUCTS_DIR; };
		E3A0D4E229E40F9B00894838 /* HMS_Team3_SwiftAppUITests.swift */ = {isa = PBXFileReference; lastKnownFileType = sourcecode.swift; path = HMS_Team3_SwiftAppUITests.swift; sourceTree = "<group>"; };
		E3A0D4E429E40F9B00894838 /* HMS_Team3_SwiftAppUITestsLaunchTests.swift */ = {isa = PBXFileReference; lastKnownFileType = sourcecode.swift; path = HMS_Team3_SwiftAppUITestsLaunchTests.swift; sourceTree = "<group>"; };
/* End PBXFileReference section */

/* Begin PBXFrameworksBuildPhase section */
		E3A0D4BB29E40F9A00894838 /* Frameworks */ = {
			isa = PBXFrameworksBuildPhase;
			buildActionMask = 2147483647;
			files = (
			);
			runOnlyForDeploymentPostprocessing = 0;
		};
		E3A0D4D129E40F9B00894838 /* Frameworks */ = {
			isa = PBXFrameworksBuildPhase;
			buildActionMask = 2147483647;
			files = (
			);
			runOnlyForDeploymentPostprocessing = 0;
		};
		E3A0D4DB29E40F9B00894838 /* Frameworks */ = {
			isa = PBXFrameworksBuildPhase;
			buildActionMask = 2147483647;
			files = (
			);
			runOnlyForDeploymentPostprocessing = 0;
		};
/* End PBXFrameworksBuildPhase section */

/* Begin PBXGroup section */
		3A6F75D329EFEA4C0067FBB9 /* API */ = {
			isa = PBXGroup;
			children = (
				3A6F75D429EFEA600067FBB9 /* Methods.swift */,
				3A6F75D929EFEB930067FBB9 /* API.swift */,
			);
			path = API;
			sourceTree = "<group>";
		};
		3AEA1D0A29E81C76005369C4 /* Controllers */ = {
			isa = PBXGroup;
			children = (
				3AEA1D0E29E81CBA005369C4 /* LoginViewController.swift */,
			);
			path = Controllers;
			sourceTree = "<group>";
		};
		3AEA1D0B29E81C80005369C4 /* Storybords */ = {
			isa = PBXGroup;
			children = (
				E3620D8429ED3E47008F9B98 /* DoctorStoryboards */,
				E3620D8329ED3E1D008F9B98 /* PatientStoryboards */,
				3AEA1D0C29E81C90005369C4 /* LoginStoryboard.storyboard */,
			);
			path = Storybords;
			sourceTree = "<group>";
		};
		E3453F6529EC6D7D00DBF6B1 /* Models */ = {
			isa = PBXGroup;
			children = (
			);
			path = Models;
			sourceTree = "<group>";
		};
		E3453F6629EC6D8300DBF6B1 /* Views */ = {
			isa = PBXGroup;
			children = (
			);
			path = Views;
			sourceTree = "<group>";
		};
		E3620D8329ED3E1D008F9B98 /* PatientStoryboards */ = {
			isa = PBXGroup;
			children = (
				6BECC3AC29F10110006A243F /* OnboardingStoryboard.storyboard */,
				E3620D7729ED3CE7008F9B98 /* DiscoverStoryboard.storyboard */,
				E3620D7D29ED3E01008F9B98 /* ConsultStoryboard.storyboard */,
				E3620D7F29ED3E0F008F9B98 /* RecordsStoryboard.storyboard */,
				E3620D8129ED3E18008F9B98 /* PatientProfileStoryboard.storyboard */,
			);
			path = PatientStoryboards;
			sourceTree = "<group>";
		};
		E3620D8429ED3E47008F9B98 /* DoctorStoryboards */ = {
			isa = PBXGroup;
			children = (
				E3620D7929ED3DD6008F9B98 /* AppointmentsStoryboard.storyboard */,
				E3620D7B29ED3DDF008F9B98 /* ChatStoryboard.storyboard */,
				E3620D8529ED3E5C008F9B98 /* DoctorProfileStoryboard.storyboard */,
				E3620D8729ED3E6B008F9B98 /* HomeStoryboard.storyboard */,
			);
			path = DoctorStoryboards;
			sourceTree = "<group>";
		};
		E3A0D4B529E40F9A00894838 = {
			isa = PBXGroup;
			children = (
				E3A0D4C029E40F9A00894838 /* HMS-Team3-SwiftApp */,
				E3A0D4D729E40F9B00894838 /* HMS-Team3-SwiftAppTests */,
				E3A0D4E129E40F9B00894838 /* HMS-Team3-SwiftAppUITests */,
				E3A0D4BF29E40F9A00894838 /* Products */,
			);
			sourceTree = "<group>";
		};
		E3A0D4BF29E40F9A00894838 /* Products */ = {
			isa = PBXGroup;
			children = (
				E3A0D4BE29E40F9A00894838 /* HMS-Team3-SwiftApp.app */,
				E3A0D4D429E40F9B00894838 /* HMS-Team3-SwiftAppTests.xctest */,
				E3A0D4DE29E40F9B00894838 /* HMS-Team3-SwiftAppUITests.xctest */,
			);
			name = Products;
			sourceTree = "<group>";
		};
		E3A0D4C029E40F9A00894838 /* HMS-Team3-SwiftApp */ = {
			isa = PBXGroup;
			children = (
				3A6F75D329EFEA4C0067FBB9 /* API */,
				E3453F6629EC6D8300DBF6B1 /* Views */,
				E3453F6529EC6D7D00DBF6B1 /* Models */,
				3AEA1D0B29E81C80005369C4 /* Storybords */,
				3AEA1D0A29E81C76005369C4 /* Controllers */,
				E3A0D4C129E40F9A00894838 /* AppDelegate.swift */,
				E3A0D4C329E40F9A00894838 /* SceneDelegate.swift */,
				E3A0D4C529E40F9A00894838 /* ViewController.swift */,
				E3A0D4C729E40F9A00894838 /* Main.storyboard */,
				E3A0D4CA29E40F9B00894838 /* Assets.xcassets */,
				E3A0D4CC29E40F9B00894838 /* LaunchScreen.storyboard */,
				E3A0D4CF29E40F9B00894838 /* Info.plist */,
				E3620D7529ED3BC8008F9B98 /* TabBarViewController.swift */,
			);
			path = "HMS-Team3-SwiftApp";
			sourceTree = "<group>";
		};
		E3A0D4D729E40F9B00894838 /* HMS-Team3-SwiftAppTests */ = {
			isa = PBXGroup;
			children = (
				E3A0D4D829E40F9B00894838 /* HMS_Team3_SwiftAppTests.swift */,
			);
			path = "HMS-Team3-SwiftAppTests";
			sourceTree = "<group>";
		};
		E3A0D4E129E40F9B00894838 /* HMS-Team3-SwiftAppUITests */ = {
			isa = PBXGroup;
			children = (
				E3A0D4E229E40F9B00894838 /* HMS_Team3_SwiftAppUITests.swift */,
				E3A0D4E429E40F9B00894838 /* HMS_Team3_SwiftAppUITestsLaunchTests.swift */,
			);
			path = "HMS-Team3-SwiftAppUITests";
			sourceTree = "<group>";
		};
/* End PBXGroup section */

/* Begin PBXNativeTarget section */
		E3A0D4BD29E40F9A00894838 /* HMS-Team3-SwiftApp */ = {
			isa = PBXNativeTarget;
			buildConfigurationList = E3A0D4E829E40F9B00894838 /* Build configuration list for PBXNativeTarget "HMS-Team3-SwiftApp" */;
			buildPhases = (
				E3A0D4BA29E40F9A00894838 /* Sources */,
				E3A0D4BB29E40F9A00894838 /* Frameworks */,
				E3A0D4BC29E40F9A00894838 /* Resources */,
			);
			buildRules = (
			);
			dependencies = (
			);
			name = "HMS-Team3-SwiftApp";
			packageProductDependencies = (
			);
			productName = "HMS-Team3-SwiftApp";
			productReference = E3A0D4BE29E40F9A00894838 /* HMS-Team3-SwiftApp.app */;
			productType = "com.apple.product-type.application";
		};
		E3A0D4D329E40F9B00894838 /* HMS-Team3-SwiftAppTests */ = {
			isa = PBXNativeTarget;
			buildConfigurationList = E3A0D4EB29E40F9B00894838 /* Build configuration list for PBXNativeTarget "HMS-Team3-SwiftAppTests" */;
			buildPhases = (
				E3A0D4D029E40F9B00894838 /* Sources */,
				E3A0D4D129E40F9B00894838 /* Frameworks */,
				E3A0D4D229E40F9B00894838 /* Resources */,
			);
			buildRules = (
			);
			dependencies = (
				E3A0D4D629E40F9B00894838 /* PBXTargetDependency */,
			);
			name = "HMS-Team3-SwiftAppTests";
			productName = "HMS-Team3-SwiftAppTests";
			productReference = E3A0D4D429E40F9B00894838 /* HMS-Team3-SwiftAppTests.xctest */;
			productType = "com.apple.product-type.bundle.unit-test";
		};
		E3A0D4DD29E40F9B00894838 /* HMS-Team3-SwiftAppUITests */ = {
			isa = PBXNativeTarget;
			buildConfigurationList = E3A0D4EE29E40F9B00894838 /* Build configuration list for PBXNativeTarget "HMS-Team3-SwiftAppUITests" */;
			buildPhases = (
				E3A0D4DA29E40F9B00894838 /* Sources */,
				E3A0D4DB29E40F9B00894838 /* Frameworks */,
				E3A0D4DC29E40F9B00894838 /* Resources */,
			);
			buildRules = (
			);
			dependencies = (
				E3A0D4E029E40F9B00894838 /* PBXTargetDependency */,
			);
			name = "HMS-Team3-SwiftAppUITests";
			productName = "HMS-Team3-SwiftAppUITests";
			productReference = E3A0D4DE29E40F9B00894838 /* HMS-Team3-SwiftAppUITests.xctest */;
			productType = "com.apple.product-type.bundle.ui-testing";
		};
/* End PBXNativeTarget section */

/* Begin PBXProject section */
		E3A0D4B629E40F9A00894838 /* Project object */ = {
			isa = PBXProject;
			attributes = {
				BuildIndependentTargetsInParallel = 1;
				LastSwiftUpdateCheck = 1420;
				LastUpgradeCheck = 1420;
				TargetAttributes = {
					E3A0D4BD29E40F9A00894838 = {
						CreatedOnToolsVersion = 14.2;
					};
					E3A0D4D329E40F9B00894838 = {
						CreatedOnToolsVersion = 14.2;
						TestTargetID = E3A0D4BD29E40F9A00894838;
					};
					E3A0D4DD29E40F9B00894838 = {
						CreatedOnToolsVersion = 14.2;
						TestTargetID = E3A0D4BD29E40F9A00894838;
					};
				};
			};
			buildConfigurationList = E3A0D4B929E40F9A00894838 /* Build configuration list for PBXProject "HMS-Team3-SwiftApp" */;
			compatibilityVersion = "Xcode 14.0";
			developmentRegion = en;
			hasScannedForEncodings = 0;
			knownRegions = (
				en,
				Base,
			);
			mainGroup = E3A0D4B529E40F9A00894838;
			packageReferences = (
			);
			productRefGroup = E3A0D4BF29E40F9A00894838 /* Products */;
			projectDirPath = "";
			projectRoot = "";
			targets = (
				E3A0D4BD29E40F9A00894838 /* HMS-Team3-SwiftApp */,
				E3A0D4D329E40F9B00894838 /* HMS-Team3-SwiftAppTests */,
				E3A0D4DD29E40F9B00894838 /* HMS-Team3-SwiftAppUITests */,
			);
		};
/* End PBXProject section */

/* Begin PBXResourcesBuildPhase section */
		E3A0D4BC29E40F9A00894838 /* Resources */ = {
			isa = PBXResourcesBuildPhase;
			buildActionMask = 2147483647;
			files = (
				E3620D7829ED3CE7008F9B98 /* DiscoverStoryboard.storyboard in Resources */,
				6BECC3AD29F10110006A243F /* OnboardingStoryboard.storyboard in Resources */,
				E3620D7A29ED3DD6008F9B98 /* AppointmentsStoryboard.storyboard in Resources */,
				E3620D8829ED3E6B008F9B98 /* HomeStoryboard.storyboard in Resources */,
				E3620D8629ED3E5C008F9B98 /* DoctorProfileStoryboard.storyboard in Resources */,
				3AEA1D0D29E81C90005369C4 /* LoginStoryboard.storyboard in Resources */,
				E3A0D4CE29E40F9B00894838 /* LaunchScreen.storyboard in Resources */,
				E3620D7E29ED3E01008F9B98 /* ConsultStoryboard.storyboard in Resources */,
				E3A0D4CB29E40F9B00894838 /* Assets.xcassets in Resources */,
				E3620D8029ED3E0F008F9B98 /* RecordsStoryboard.storyboard in Resources */,
				E3A0D4C929E40F9A00894838 /* Main.storyboard in Resources */,
				E3620D7C29ED3DDF008F9B98 /* ChatStoryboard.storyboard in Resources */,
				E3620D8229ED3E18008F9B98 /* PatientProfileStoryboard.storyboard in Resources */,
			);
			runOnlyForDeploymentPostprocessing = 0;
		};
		E3A0D4D229E40F9B00894838 /* Resources */ = {
			isa = PBXResourcesBuildPhase;
			buildActionMask = 2147483647;
			files = (
			);
			runOnlyForDeploymentPostprocessing = 0;
		};
		E3A0D4DC29E40F9B00894838 /* Resources */ = {
			isa = PBXResourcesBuildPhase;
			buildActionMask = 2147483647;
			files = (
			);
			runOnlyForDeploymentPostprocessing = 0;
		};
/* End PBXResourcesBuildPhase section */

/* Begin PBXSourcesBuildPhase section */
		E3A0D4BA29E40F9A00894838 /* Sources */ = {
			isa = PBXSourcesBuildPhase;
			buildActionMask = 2147483647;
			files = (
				3AEA1D0F29E81CBA005369C4 /* LoginViewController.swift in Sources */,
				E3A0D4C629E40F9A00894838 /* ViewController.swift in Sources */,
				3A6F75D529EFEA600067FBB9 /* Methods.swift in Sources */,
				E3A0D4C229E40F9A00894838 /* AppDelegate.swift in Sources */,
				E3620D7629ED3BC8008F9B98 /* TabBarViewController.swift in Sources */,
				E3A0D4C429E40F9A00894838 /* SceneDelegate.swift in Sources */,
				3A6F75DA29EFEB930067FBB9 /* API.swift in Sources */,
			);
			runOnlyForDeploymentPostprocessing = 0;
		};
		E3A0D4D029E40F9B00894838 /* Sources */ = {
			isa = PBXSourcesBuildPhase;
			buildActionMask = 2147483647;
			files = (
				E3A0D4D929E40F9B00894838 /* HMS_Team3_SwiftAppTests.swift in Sources */,
			);
			runOnlyForDeploymentPostprocessing = 0;
		};
		E3A0D4DA29E40F9B00894838 /* Sources */ = {
			isa = PBXSourcesBuildPhase;
			buildActionMask = 2147483647;
			files = (
				E3A0D4E529E40F9B00894838 /* HMS_Team3_SwiftAppUITestsLaunchTests.swift in Sources */,
				E3A0D4E329E40F9B00894838 /* HMS_Team3_SwiftAppUITests.swift in Sources */,
			);
			runOnlyForDeploymentPostprocessing = 0;
		};
/* End PBXSourcesBuildPhase section */

/* Begin PBXTargetDependency section */
		E3A0D4D629E40F9B00894838 /* PBXTargetDependency */ = {
			isa = PBXTargetDependency;
			target = E3A0D4BD29E40F9A00894838 /* HMS-Team3-SwiftApp */;
			targetProxy = E3A0D4D529E40F9B00894838 /* PBXContainerItemProxy */;
		};
		E3A0D4E029E40F9B00894838 /* PBXTargetDependency */ = {
			isa = PBXTargetDependency;
			target = E3A0D4BD29E40F9A00894838 /* HMS-Team3-SwiftApp */;
			targetProxy = E3A0D4DF29E40F9B00894838 /* PBXContainerItemProxy */;
		};
/* End PBXTargetDependency section */

/* Begin PBXVariantGroup section */
		E3A0D4C729E40F9A00894838 /* Main.storyboard */ = {
			isa = PBXVariantGroup;
			children = (
				E3A0D4C829E40F9A00894838 /* Base */,
			);
			name = Main.storyboard;
			sourceTree = "<group>";
		};
		E3A0D4CC29E40F9B00894838 /* LaunchScreen.storyboard */ = {
			isa = PBXVariantGroup;
			children = (
				E3A0D4CD29E40F9B00894838 /* Base */,
			);
			name = LaunchScreen.storyboard;
			sourceTree = "<group>";
		};
/* End PBXVariantGroup section */

/* Begin XCBuildConfiguration section */
		E3A0D4E629E40F9B00894838 /* Debug */ = {
			isa = XCBuildConfiguration;
			buildSettings = {
				ALWAYS_SEARCH_USER_PATHS = NO;
				CLANG_ANALYZER_NONNULL = YES;
				CLANG_ANALYZER_NUMBER_OBJECT_CONVERSION = YES_AGGRESSIVE;
				CLANG_CXX_LANGUAGE_STANDARD = "gnu++20";
				CLANG_ENABLE_MODULES = YES;
				CLANG_ENABLE_OBJC_ARC = YES;
				CLANG_ENABLE_OBJC_WEAK = YES;
				CLANG_WARN_BLOCK_CAPTURE_AUTORELEASING = YES;
				CLANG_WARN_BOOL_CONVERSION = YES;
				CLANG_WARN_COMMA = YES;
				CLANG_WARN_CONSTANT_CONVERSION = YES;
				CLANG_WARN_DEPRECATED_OBJC_IMPLEMENTATIONS = YES;
				CLANG_WARN_DIRECT_OBJC_ISA_USAGE = YES_ERROR;
				CLANG_WARN_DOCUMENTATION_COMMENTS = YES;
				CLANG_WARN_EMPTY_BODY = YES;
				CLANG_WARN_ENUM_CONVERSION = YES;
				CLANG_WARN_INFINITE_RECURSION = YES;
				CLANG_WARN_INT_CONVERSION = YES;
				CLANG_WARN_NON_LITERAL_NULL_CONVERSION = YES;
				CLANG_WARN_OBJC_IMPLICIT_RETAIN_SELF = YES;
				CLANG_WARN_OBJC_LITERAL_CONVERSION = YES;
				CLANG_WARN_OBJC_ROOT_CLASS = YES_ERROR;
				CLANG_WARN_QUOTED_INCLUDE_IN_FRAMEWORK_HEADER = YES;
				CLANG_WARN_RANGE_LOOP_ANALYSIS = YES;
				CLANG_WARN_STRICT_PROTOTYPES = YES;
				CLANG_WARN_SUSPICIOUS_MOVE = YES;
				CLANG_WARN_UNGUARDED_AVAILABILITY = YES_AGGRESSIVE;
				CLANG_WARN_UNREACHABLE_CODE = YES;
				CLANG_WARN__DUPLICATE_METHOD_MATCH = YES;
				COPY_PHASE_STRIP = NO;
				DEBUG_INFORMATION_FORMAT = dwarf;
				ENABLE_STRICT_OBJC_MSGSEND = YES;
				ENABLE_TESTABILITY = YES;
				GCC_C_LANGUAGE_STANDARD = gnu11;
				GCC_DYNAMIC_NO_PIC = NO;
				GCC_NO_COMMON_BLOCKS = YES;
				GCC_OPTIMIZATION_LEVEL = 0;
				GCC_PREPROCESSOR_DEFINITIONS = (
					"DEBUG=1",
					"$(inherited)",
				);
				GCC_WARN_64_TO_32_BIT_CONVERSION = YES;
				GCC_WARN_ABOUT_RETURN_TYPE = YES_ERROR;
				GCC_WARN_UNDECLARED_SELECTOR = YES;
				GCC_WARN_UNINITIALIZED_AUTOS = YES_AGGRESSIVE;
				GCC_WARN_UNUSED_FUNCTION = YES;
				GCC_WARN_UNUSED_VARIABLE = YES;
				IPHONEOS_DEPLOYMENT_TARGET = 16.2;
				MTL_ENABLE_DEBUG_INFO = INCLUDE_SOURCE;
				MTL_FAST_MATH = YES;
				ONLY_ACTIVE_ARCH = YES;
				SDKROOT = iphoneos;
				SWIFT_ACTIVE_COMPILATION_CONDITIONS = DEBUG;
				SWIFT_OPTIMIZATION_LEVEL = "-Onone";
			};
			name = Debug;
		};
		E3A0D4E729E40F9B00894838 /* Release */ = {
			isa = XCBuildConfiguration;
			buildSettings = {
				ALWAYS_SEARCH_USER_PATHS = NO;
				CLANG_ANALYZER_NONNULL = YES;
				CLANG_ANALYZER_NUMBER_OBJECT_CONVERSION = YES_AGGRESSIVE;
				CLANG_CXX_LANGUAGE_STANDARD = "gnu++20";
				CLANG_ENABLE_MODULES = YES;
				CLANG_ENABLE_OBJC_ARC = YES;
				CLANG_ENABLE_OBJC_WEAK = YES;
				CLANG_WARN_BLOCK_CAPTURE_AUTORELEASING = YES;
				CLANG_WARN_BOOL_CONVERSION = YES;
				CLANG_WARN_COMMA = YES;
				CLANG_WARN_CONSTANT_CONVERSION = YES;
				CLANG_WARN_DEPRECATED_OBJC_IMPLEMENTATIONS = YES;
				CLANG_WARN_DIRECT_OBJC_ISA_USAGE = YES_ERROR;
				CLANG_WARN_DOCUMENTATION_COMMENTS = YES;
				CLANG_WARN_EMPTY_BODY = YES;
				CLANG_WARN_ENUM_CONVERSION = YES;
				CLANG_WARN_INFINITE_RECURSION = YES;
				CLANG_WARN_INT_CONVERSION = YES;
				CLANG_WARN_NON_LITERAL_NULL_CONVERSION = YES;
				CLANG_WARN_OBJC_IMPLICIT_RETAIN_SELF = YES;
				CLANG_WARN_OBJC_LITERAL_CONVERSION = YES;
				CLANG_WARN_OBJC_ROOT_CLASS = YES_ERROR;
				CLANG_WARN_QUOTED_INCLUDE_IN_FRAMEWORK_HEADER = YES;
				CLANG_WARN_RANGE_LOOP_ANALYSIS = YES;
				CLANG_WARN_STRICT_PROTOTYPES = YES;
				CLANG_WARN_SUSPICIOUS_MOVE = YES;
				CLANG_WARN_UNGUARDED_AVAILABILITY = YES_AGGRESSIVE;
				CLANG_WARN_UNREACHABLE_CODE = YES;
				CLANG_WARN__DUPLICATE_METHOD_MATCH = YES;
				COPY_PHASE_STRIP = NO;
				DEBUG_INFORMATION_FORMAT = "dwarf-with-dsym";
				ENABLE_NS_ASSERTIONS = NO;
				ENABLE_STRICT_OBJC_MSGSEND = YES;
				GCC_C_LANGUAGE_STANDARD = gnu11;
				GCC_NO_COMMON_BLOCKS = YES;
				GCC_WARN_64_TO_32_BIT_CONVERSION = YES;
				GCC_WARN_ABOUT_RETURN_TYPE = YES_ERROR;
				GCC_WARN_UNDECLARED_SELECTOR = YES;
				GCC_WARN_UNINITIALIZED_AUTOS = YES_AGGRESSIVE;
				GCC_WARN_UNUSED_FUNCTION = YES;
				GCC_WARN_UNUSED_VARIABLE = YES;
				IPHONEOS_DEPLOYMENT_TARGET = 16.2;
				MTL_ENABLE_DEBUG_INFO = NO;
				MTL_FAST_MATH = YES;
				SDKROOT = iphoneos;
				SWIFT_COMPILATION_MODE = wholemodule;
				SWIFT_OPTIMIZATION_LEVEL = "-O";
				VALIDATE_PRODUCT = YES;
			};
			name = Release;
		};
		E3A0D4E929E40F9B00894838 /* Debug */ = {
			isa = XCBuildConfiguration;
			buildSettings = {
				ASSETCATALOG_COMPILER_APPICON_NAME = AppIcon;
				ASSETCATALOG_COMPILER_GLOBAL_ACCENT_COLOR_NAME = AccentColor;
				CODE_SIGN_STYLE = Automatic;
				CURRENT_PROJECT_VERSION = 1;
				GENERATE_INFOPLIST_FILE = YES;
				INFOPLIST_FILE = "HMS-Team3-SwiftApp/Info.plist";
				INFOPLIST_KEY_UIApplicationSupportsIndirectInputEvents = YES;
				INFOPLIST_KEY_UILaunchStoryboardName = LaunchScreen;
				INFOPLIST_KEY_UIMainStoryboardFile = Main;
				INFOPLIST_KEY_UISupportedInterfaceOrientations_iPad = "UIInterfaceOrientationPortrait UIInterfaceOrientationPortraitUpsideDown UIInterfaceOrientationLandscapeLeft UIInterfaceOrientationLandscapeRight";
				INFOPLIST_KEY_UISupportedInterfaceOrientations_iPhone = "UIInterfaceOrientationPortrait UIInterfaceOrientationLandscapeLeft UIInterfaceOrientationLandscapeRight";
				LD_RUNPATH_SEARCH_PATHS = (
					"$(inherited)",
					"@executable_path/Frameworks",
				);
				MARKETING_VERSION = 1.0;
				PRODUCT_BUNDLE_IDENTIFIER = "iosApp.HMS-Team3-SwiftApp";
				PRODUCT_NAME = "$(TARGET_NAME)";
				SWIFT_EMIT_LOC_STRINGS = YES;
				SWIFT_VERSION = 5.0;
				TARGETED_DEVICE_FAMILY = "1,2";
			};
			name = Debug;
		};
		E3A0D4EA29E40F9B00894838 /* Release */ = {
			isa = XCBuildConfiguration;
			buildSettings = {
				ASSETCATALOG_COMPILER_APPICON_NAME = AppIcon;
				ASSETCATALOG_COMPILER_GLOBAL_ACCENT_COLOR_NAME = AccentColor;
				CODE_SIGN_STYLE = Automatic;
				CURRENT_PROJECT_VERSION = 1;
				GENERATE_INFOPLIST_FILE = YES;
				INFOPLIST_FILE = "HMS-Team3-SwiftApp/Info.plist";
				INFOPLIST_KEY_UIApplicationSupportsIndirectInputEvents = YES;
				INFOPLIST_KEY_UILaunchStoryboardName = LaunchScreen;
				INFOPLIST_KEY_UIMainStoryboardFile = Main;
				INFOPLIST_KEY_UISupportedInterfaceOrientations_iPad = "UIInterfaceOrientationPortrait UIInterfaceOrientationPortraitUpsideDown UIInterfaceOrientationLandscapeLeft UIInterfaceOrientationLandscapeRight";
				INFOPLIST_KEY_UISupportedInterfaceOrientations_iPhone = "UIInterfaceOrientationPortrait UIInterfaceOrientationLandscapeLeft UIInterfaceOrientationLandscapeRight";
				LD_RUNPATH_SEARCH_PATHS = (
					"$(inherited)",
					"@executable_path/Frameworks",
				);
				MARKETING_VERSION = 1.0;
				PRODUCT_BUNDLE_IDENTIFIER = "iosApp.HMS-Team3-SwiftApp";
				PRODUCT_NAME = "$(TARGET_NAME)";
				SWIFT_EMIT_LOC_STRINGS = YES;
				SWIFT_VERSION = 5.0;
				TARGETED_DEVICE_FAMILY = "1,2";
			};
			name = Release;
		};
		E3A0D4EC29E40F9B00894838 /* Debug */ = {
			isa = XCBuildConfiguration;
			buildSettings = {
				ALWAYS_EMBED_SWIFT_STANDARD_LIBRARIES = YES;
				BUNDLE_LOADER = "$(TEST_HOST)";
				CODE_SIGN_STYLE = Automatic;
				CURRENT_PROJECT_VERSION = 1;
				GENERATE_INFOPLIST_FILE = YES;
				IPHONEOS_DEPLOYMENT_TARGET = 16.2;
				MARKETING_VERSION = 1.0;
				PRODUCT_BUNDLE_IDENTIFIER = "iosApp.HMS-Team3-SwiftAppTests";
				PRODUCT_NAME = "$(TARGET_NAME)";
				SWIFT_EMIT_LOC_STRINGS = NO;
				SWIFT_VERSION = 5.0;
				TARGETED_DEVICE_FAMILY = "1,2";
				TEST_HOST = "$(BUILT_PRODUCTS_DIR)/HMS-Team3-SwiftApp.app/$(BUNDLE_EXECUTABLE_FOLDER_PATH)/HMS-Team3-SwiftApp";
			};
			name = Debug;
		};
		E3A0D4ED29E40F9B00894838 /* Release */ = {
			isa = XCBuildConfiguration;
			buildSettings = {
				ALWAYS_EMBED_SWIFT_STANDARD_LIBRARIES = YES;
				BUNDLE_LOADER = "$(TEST_HOST)";
				CODE_SIGN_STYLE = Automatic;
				CURRENT_PROJECT_VERSION = 1;
				GENERATE_INFOPLIST_FILE = YES;
				IPHONEOS_DEPLOYMENT_TARGET = 16.2;
				MARKETING_VERSION = 1.0;
				PRODUCT_BUNDLE_IDENTIFIER = "iosApp.HMS-Team3-SwiftAppTests";
				PRODUCT_NAME = "$(TARGET_NAME)";
				SWIFT_EMIT_LOC_STRINGS = NO;
				SWIFT_VERSION = 5.0;
				TARGETED_DEVICE_FAMILY = "1,2";
				TEST_HOST = "$(BUILT_PRODUCTS_DIR)/HMS-Team3-SwiftApp.app/$(BUNDLE_EXECUTABLE_FOLDER_PATH)/HMS-Team3-SwiftApp";
			};
			name = Release;
		};
		E3A0D4EF29E40F9B00894838 /* Debug */ = {
			isa = XCBuildConfiguration;
			buildSettings = {
				ALWAYS_EMBED_SWIFT_STANDARD_LIBRARIES = YES;
				CODE_SIGN_STYLE = Automatic;
				CURRENT_PROJECT_VERSION = 1;
				GENERATE_INFOPLIST_FILE = YES;
				MARKETING_VERSION = 1.0;
				PRODUCT_BUNDLE_IDENTIFIER = "iosApp.HMS-Team3-SwiftAppUITests";
				PRODUCT_NAME = "$(TARGET_NAME)";
				SWIFT_EMIT_LOC_STRINGS = NO;
				SWIFT_VERSION = 5.0;
				TARGETED_DEVICE_FAMILY = "1,2";
				TEST_TARGET_NAME = "HMS-Team3-SwiftApp";
			};
			name = Debug;
		};
		E3A0D4F029E40F9B00894838 /* Release */ = {
			isa = XCBuildConfiguration;
			buildSettings = {
				ALWAYS_EMBED_SWIFT_STANDARD_LIBRARIES = YES;
				CODE_SIGN_STYLE = Automatic;
				CURRENT_PROJECT_VERSION = 1;
				GENERATE_INFOPLIST_FILE = YES;
				MARKETING_VERSION = 1.0;
				PRODUCT_BUNDLE_IDENTIFIER = "iosApp.HMS-Team3-SwiftAppUITests";
				PRODUCT_NAME = "$(TARGET_NAME)";
				SWIFT_EMIT_LOC_STRINGS = NO;
				SWIFT_VERSION = 5.0;
				TARGETED_DEVICE_FAMILY = "1,2";
				TEST_TARGET_NAME = "HMS-Team3-SwiftApp";
			};
			name = Release;
		};
/* End XCBuildConfiguration section */

/* Begin XCConfigurationList section */
		E3A0D4B929E40F9A00894838 /* Build configuration list for PBXProject "HMS-Team3-SwiftApp" */ = {
			isa = XCConfigurationList;
			buildConfigurations = (
				E3A0D4E629E40F9B00894838 /* Debug */,
				E3A0D4E729E40F9B00894838 /* Release */,
			);
			defaultConfigurationIsVisible = 0;
			defaultConfigurationName = Release;
		};
		E3A0D4E829E40F9B00894838 /* Build configuration list for PBXNativeTarget "HMS-Team3-SwiftApp" */ = {
			isa = XCConfigurationList;
			buildConfigurations = (
				E3A0D4E929E40F9B00894838 /* Debug */,
				E3A0D4EA29E40F9B00894838 /* Release */,
			);
			defaultConfigurationIsVisible = 0;
			defaultConfigurationName = Release;
		};
		E3A0D4EB29E40F9B00894838 /* Build configuration list for PBXNativeTarget "HMS-Team3-SwiftAppTests" */ = {
			isa = XCConfigurationList;
			buildConfigurations = (
				E3A0D4EC29E40F9B00894838 /* Debug */,
				E3A0D4ED29E40F9B00894838 /* Release */,
			);
			defaultConfigurationIsVisible = 0;
			defaultConfigurationName = Release;
		};
		E3A0D4EE29E40F9B00894838 /* Build configuration list for PBXNativeTarget "HMS-Team3-SwiftAppUITests" */ = {
			isa = XCConfigurationList;
			buildConfigurations = (
				E3A0D4EF29E40F9B00894838 /* Debug */,
				E3A0D4F029E40F9B00894838 /* Release */,
			);
			defaultConfigurationIsVisible = 0;
			defaultConfigurationName = Release;
		};
/* End XCConfigurationList section */
	};
	rootObject = E3A0D4B629E40F9A00894838 /* Project object */;
}
