// !$*UTF8*$!
{
	archiveVersion = 1;
	classes = {
	};
	objectVersion = 56;
	objects = {

/* Begin PBXBuildFile section */
		276811A229F90D26005209A0 /* CategoryCollectionViewCell.swift in Sources */ = {isa = PBXBuildFile; fileRef = 276811A029F90D26005209A0 /* CategoryCollectionViewCell.swift */; };
		276811A329F90D26005209A0 /* CategoryCollectionViewCell.xib in Resources */ = {isa = PBXBuildFile; fileRef = 276811A129F90D26005209A0 /* CategoryCollectionViewCell.xib */; };
		276811A629F90D64005209A0 /* TopDoctorCollectionViewCell.swift in Sources */ = {isa = PBXBuildFile; fileRef = 276811A429F90D64005209A0 /* TopDoctorCollectionViewCell.swift */; };
		276811A729F90D64005209A0 /* TopDoctorCollectionViewCell.xib in Resources */ = {isa = PBXBuildFile; fileRef = 276811A529F90D64005209A0 /* TopDoctorCollectionViewCell.xib */; };
		276811AA29F90D96005209A0 /* RecentsDoctorCollectionViewCell.swift in Sources */ = {isa = PBXBuildFile; fileRef = 276811A829F90D96005209A0 /* RecentsDoctorCollectionViewCell.swift */; };
		276811AB29F90D96005209A0 /* RecentsDoctorCollectionViewCell.xib in Resources */ = {isa = PBXBuildFile; fileRef = 276811A929F90D96005209A0 /* RecentsDoctorCollectionViewCell.xib */; };
		276811AE29F90DCF005209A0 /* DoctorCollectionViewCell.swift in Sources */ = {isa = PBXBuildFile; fileRef = 276811AC29F90DCF005209A0 /* DoctorCollectionViewCell.swift */; };
		276811AF29F90DCF005209A0 /* DoctorCollectionViewCell.xib in Resources */ = {isa = PBXBuildFile; fileRef = 276811AD29F90DCF005209A0 /* DoctorCollectionViewCell.xib */; };
		276811B229F90DD8005209A0 /* DateCollectionViewCell.swift in Sources */ = {isa = PBXBuildFile; fileRef = 276811B029F90DD8005209A0 /* DateCollectionViewCell.swift */; };
		276811B329F90DD8005209A0 /* DateCollectionViewCell.xib in Resources */ = {isa = PBXBuildFile; fileRef = 276811B129F90DD8005209A0 /* DateCollectionViewCell.xib */; };
		276811B629F90DDF005209A0 /* SlotCollectionViewCell.swift in Sources */ = {isa = PBXBuildFile; fileRef = 276811B429F90DDF005209A0 /* SlotCollectionViewCell.swift */; };
		276811B729F90DDF005209A0 /* SlotCollectionViewCell.xib in Resources */ = {isa = PBXBuildFile; fileRef = 276811B529F90DDF005209A0 /* SlotCollectionViewCell.xib */; };
		278CDFB429F0010A001D65BB /* ConsultViewController.swift in Sources */ = {isa = PBXBuildFile; fileRef = 278CDFB329F0010A001D65BB /* ConsultViewController.swift */; };
		2790318E29F7CB340031CA6C /* DoctorDetailsViewController.swift in Sources */ = {isa = PBXBuildFile; fileRef = 2790318D29F7CB340031CA6C /* DoctorDetailsViewController.swift */; };
		27D091E129F68127008D6072 /* ListDoctorsViewController.swift in Sources */ = {isa = PBXBuildFile; fileRef = 27D091E029F68127008D6072 /* ListDoctorsViewController.swift */; };
		3A8BD1C529FBA055002B720C /* CategoriesCollectionViewCell.swift in Sources */ = {isa = PBXBuildFile; fileRef = 3A8BD1BD29FBA055002B720C /* CategoriesCollectionViewCell.swift */; };
		3A8BD1C629FBA055002B720C /* UpcomingCollectionViewCell.swift in Sources */ = {isa = PBXBuildFile; fileRef = 3A8BD1BE29FBA055002B720C /* UpcomingCollectionViewCell.swift */; };
		3A8BD1C729FBA055002B720C /* PackagesCollectionViewTableViewCell.swift in Sources */ = {isa = PBXBuildFile; fileRef = 3A8BD1BF29FBA055002B720C /* PackagesCollectionViewTableViewCell.swift */; };
		3A8BD1C829FBA055002B720C /* MedicineCollectionViewTableViewCell.swift in Sources */ = {isa = PBXBuildFile; fileRef = 3A8BD1C029FBA055002B720C /* MedicineCollectionViewTableViewCell.swift */; };
		3A8BD1C929FBA055002B720C /* CategoriesCollectionViewTableViewCell.swift in Sources */ = {isa = PBXBuildFile; fileRef = 3A8BD1C129FBA055002B720C /* CategoriesCollectionViewTableViewCell.swift */; };
		3A8BD1CA29FBA055002B720C /* MedicineCollectionViewCell.swift in Sources */ = {isa = PBXBuildFile; fileRef = 3A8BD1C229FBA055002B720C /* MedicineCollectionViewCell.swift */; };
		3A8BD1CB29FBA055002B720C /* UpcomingCollectionViewTableViewCell.swift in Sources */ = {isa = PBXBuildFile; fileRef = 3A8BD1C329FBA055002B720C /* UpcomingCollectionViewTableViewCell.swift */; };
		3A8BD1CC29FBA055002B720C /* PackagesCollectionViewCell.swift in Sources */ = {isa = PBXBuildFile; fileRef = 3A8BD1C429FBA055002B720C /* PackagesCollectionViewCell.swift */; };
		3A8BD1D329FBA13E002B720C /* SearchResultsViewController.swift in Sources */ = {isa = PBXBuildFile; fileRef = 3A8BD1CE29FBA13E002B720C /* SearchResultsViewController.swift */; };
		3A8BD1D429FBA13E002B720C /* OngoingMedicationsViewController.swift in Sources */ = {isa = PBXBuildFile; fileRef = 3A8BD1CF29FBA13E002B720C /* OngoingMedicationsViewController.swift */; };
		3A8BD1D529FBA13E002B720C /* CategoriesCollectionViewController.swift in Sources */ = {isa = PBXBuildFile; fileRef = 3A8BD1D029FBA13E002B720C /* CategoriesCollectionViewController.swift */; };
		3A8BD1D629FBA13E002B720C /* PackagesViewController.swift in Sources */ = {isa = PBXBuildFile; fileRef = 3A8BD1D129FBA13E002B720C /* PackagesViewController.swift */; };
		3A8BD1D729FBA13E002B720C /* UpcomingAppointmentsViewController.swift in Sources */ = {isa = PBXBuildFile; fileRef = 3A8BD1D229FBA13E002B720C /* UpcomingAppointmentsViewController.swift */; };
		3AEA1D0D29E81C90005369C4 /* LoginStoryboard.storyboard in Resources */ = {isa = PBXBuildFile; fileRef = 3AEA1D0C29E81C90005369C4 /* LoginStoryboard.storyboard */; };
		3AEA1D0F29E81CBA005369C4 /* LoginViewController.swift in Sources */ = {isa = PBXBuildFile; fileRef = 3AEA1D0E29E81CBA005369C4 /* LoginViewController.swift */; };
		6B36E37429FA70F3003023B3 /* Invoice.storyboard in Resources */ = {isa = PBXBuildFile; fileRef = 6B36E37329FA70F3003023B3 /* Invoice.storyboard */; };
		6B36E37629FA7157003023B3 /* InvoiceViewController.swift in Sources */ = {isa = PBXBuildFile; fileRef = 6B36E37529FA7157003023B3 /* InvoiceViewController.swift */; };
		6B38EFB729F686800084981F /* PatientProfileMedicalHistory.storyboard in Resources */ = {isa = PBXBuildFile; fileRef = 6B38EFB629F686800084981F /* PatientProfileMedicalHistory.storyboard */; };
		6B38EFB929F691CB0084981F /* MedicalhistoryDataModel.swift in Sources */ = {isa = PBXBuildFile; fileRef = 6B38EFB829F691CB0084981F /* MedicalhistoryDataModel.swift */; };
		6B38EFBC29F692EC0084981F /* MRTableTableViewCell.swift in Sources */ = {isa = PBXBuildFile; fileRef = 6B38EFBB29F692EC0084981F /* MRTableTableViewCell.swift */; };
		6B38EFBE29F69E170084981F /* MedicalHistoryCollectionViewCell.swift in Sources */ = {isa = PBXBuildFile; fileRef = 6B38EFBD29F69E170084981F /* MedicalHistoryCollectionViewCell.swift */; };
		6BECC3AD29F10110006A243F /* OnboardingStoryboard.storyboard in Resources */ = {isa = PBXBuildFile; fileRef = 6BECC3AC29F10110006A243F /* OnboardingStoryboard.storyboard */; };
		760689B229FD1F2600A29A08 /* AppleHealthTableViewCell.swift in Sources */ = {isa = PBXBuildFile; fileRef = 760689B129FD1F2600A29A08 /* AppleHealthTableViewCell.swift */; };
		760689B529FD2E0E00A29A08 /* AppleHealthFunctions.swift in Sources */ = {isa = PBXBuildFile; fileRef = 760689B429FD2E0E00A29A08 /* AppleHealthFunctions.swift */; };
		765F863F29EFEFA5009E67F2 /* User.swift in Sources */ = {isa = PBXBuildFile; fileRef = 765F863E29EFEFA5009E67F2 /* User.swift */; };
		765F864129EFEFBB009E67F2 /* Enums.swift in Sources */ = {isa = PBXBuildFile; fileRef = 765F864029EFEFBB009E67F2 /* Enums.swift */; };
		765F864329EFEFD1009E67F2 /* Appointments.swift in Sources */ = {isa = PBXBuildFile; fileRef = 765F864229EFEFD1009E67F2 /* Appointments.swift */; };
		765F864529EFEFE7009E67F2 /* Home.swift in Sources */ = {isa = PBXBuildFile; fileRef = 765F864429EFEFE7009E67F2 /* Home.swift */; };
		765F864929EFF40D009E67F2 /* ProfileTableViewCell.swift in Sources */ = {isa = PBXBuildFile; fileRef = 765F864829EFF40D009E67F2 /* ProfileTableViewCell.swift */; };
		765F864B29EFF843009E67F2 /* ProfileHeaderUIView.swift in Sources */ = {isa = PBXBuildFile; fileRef = 765F864A29EFF843009E67F2 /* ProfileHeaderUIView.swift */; };
		765F864E29F0FD38009E67F2 /* MedicalHistoryViewController.swift in Sources */ = {isa = PBXBuildFile; fileRef = 765F864D29F0FD38009E67F2 /* MedicalHistoryViewController.swift */; };
		765F865029F0FE14009E67F2 /* VitalsViewController.swift in Sources */ = {isa = PBXBuildFile; fileRef = 765F864F29F0FE14009E67F2 /* VitalsViewController.swift */; };
		765F865229F0FE2A009E67F2 /* SOSContactsViewController.swift in Sources */ = {isa = PBXBuildFile; fileRef = 765F865129F0FE2A009E67F2 /* SOSContactsViewController.swift */; };
		765F865429F0FE3E009E67F2 /* AppleHealthViewController.swift in Sources */ = {isa = PBXBuildFile; fileRef = 765F865329F0FE3E009E67F2 /* AppleHealthViewController.swift */; };
		765F865629F0FF4B009E67F2 /* QuickStatsTableViewCell.swift in Sources */ = {isa = PBXBuildFile; fileRef = 765F865529F0FF4B009E67F2 /* QuickStatsTableViewCell.swift */; };
		765F865929F1046A009E67F2 /* QuickStatsCollectionViewCell.swift in Sources */ = {isa = PBXBuildFile; fileRef = 765F865829F1046A009E67F2 /* QuickStatsCollectionViewCell.swift */; };
		765F865C29F25C86009E67F2 /* ProfileHeaderUIViewDelegate.swift in Sources */ = {isa = PBXBuildFile; fileRef = 765F865B29F25C86009E67F2 /* ProfileHeaderUIViewDelegate.swift */; };
		765F865F29F268C9009E67F2 /* EditProfileViewController.swift in Sources */ = {isa = PBXBuildFile; fileRef = 765F865E29F268C9009E67F2 /* EditProfileViewController.swift */; };
		765F866129F26D26009E67F2 /* EditProfileTableViewCell.swift in Sources */ = {isa = PBXBuildFile; fileRef = 765F866029F26D26009E67F2 /* EditProfileTableViewCell.swift */; };
		766926A629F68D3C00F4F728 /* UserAuthentication.swift in Sources */ = {isa = PBXBuildFile; fileRef = 766926A529F68D3C00F4F728 /* UserAuthentication.swift */; };
		766926A829F691CE00F4F728 /* LoginPatient.swift in Sources */ = {isa = PBXBuildFile; fileRef = 766926A729F691CE00F4F728 /* LoginPatient.swift */; };
		7673EBA729EFEABD00F10EB7 /* ProfileViewController.swift in Sources */ = {isa = PBXBuildFile; fileRef = 7673EBA629EFEABD00F10EB7 /* ProfileViewController.swift */; };
		76D7A20F29F6866C00E6F225 /* GoogleService-Info.plist in Resources */ = {isa = PBXBuildFile; fileRef = 76D7A20E29F6866C00E6F225 /* GoogleService-Info.plist */; };
		76D7A21229F6873D00E6F225 /* FirebaseAuth in Frameworks */ = {isa = PBXBuildFile; productRef = 76D7A21129F6873D00E6F225 /* FirebaseAuth */; };
		76D7A21429F6873D00E6F225 /* FirebaseFirestore in Frameworks */ = {isa = PBXBuildFile; productRef = 76D7A21329F6873D00E6F225 /* FirebaseFirestore */; };
		76D7A21729F6895600E6F225 /* GoogleSignIn in Frameworks */ = {isa = PBXBuildFile; productRef = 76D7A21629F6895600E6F225 /* GoogleSignIn */; };
		AC4D05AB29F6845E004E4C44 /* SOS Contacts.storyboard in Resources */ = {isa = PBXBuildFile; fileRef = AC4D05AA29F6845E004E4C44 /* SOS Contacts.storyboard */; };
		AC4D05AE29F689D8004E4C44 /* SOSContactCollectionViewCell.swift in Sources */ = {isa = PBXBuildFile; fileRef = AC4D05AD29F689D8004E4C44 /* SOSContactCollectionViewCell.swift */; };
		CE980B6E29F92FCB0084C590 /* ClickCollectionViewDelegate.swift in Sources */ = {isa = PBXBuildFile; fileRef = CE980B6D29F92FCB0084C590 /* ClickCollectionViewDelegate.swift */; };
		CE980B7D29F936310084C590 /* DiscoverViewController.swift in Sources */ = {isa = PBXBuildFile; fileRef = CE980B7C29F936310084C590 /* DiscoverViewController.swift */; };
		CE980B8C29F93D570084C590 /* Utilities.swift in Sources */ = {isa = PBXBuildFile; fileRef = CE980B8B29F93D570084C590 /* Utilities.swift */; };
		E3620D7629ED3BC8008F9B98 /* TabBarViewController.swift in Sources */ = {isa = PBXBuildFile; fileRef = E3620D7529ED3BC8008F9B98 /* TabBarViewController.swift */; };
		E3620D7829ED3CE7008F9B98 /* DiscoverStoryboard.storyboard in Resources */ = {isa = PBXBuildFile; fileRef = E3620D7729ED3CE7008F9B98 /* DiscoverStoryboard.storyboard */; };
		E3620D7A29ED3DD6008F9B98 /* ScheduleStoryboard.storyboard in Resources */ = {isa = PBXBuildFile; fileRef = E3620D7929ED3DD6008F9B98 /* ScheduleStoryboard.storyboard */; };
		E3620D7C29ED3DDF008F9B98 /* ChatStoryboard.storyboard in Resources */ = {isa = PBXBuildFile; fileRef = E3620D7B29ED3DDF008F9B98 /* ChatStoryboard.storyboard */; };
		E3620D7E29ED3E01008F9B98 /* ConsultStoryboard.storyboard in Resources */ = {isa = PBXBuildFile; fileRef = E3620D7D29ED3E01008F9B98 /* ConsultStoryboard.storyboard */; };
		E3620D8029ED3E0F008F9B98 /* RecordsStoryboard.storyboard in Resources */ = {isa = PBXBuildFile; fileRef = E3620D7F29ED3E0F008F9B98 /* RecordsStoryboard.storyboard */; };
		E3620D8229ED3E18008F9B98 /* PatientProfileStoryboard.storyboard in Resources */ = {isa = PBXBuildFile; fileRef = E3620D8129ED3E18008F9B98 /* PatientProfileStoryboard.storyboard */; };
		E3620D8629ED3E5C008F9B98 /* DoctorProfileStoryboard.storyboard in Resources */ = {isa = PBXBuildFile; fileRef = E3620D8529ED3E5C008F9B98 /* DoctorProfileStoryboard.storyboard */; };
		E3620D8829ED3E6B008F9B98 /* HomeStoryboard.storyboard in Resources */ = {isa = PBXBuildFile; fileRef = E3620D8729ED3E6B008F9B98 /* HomeStoryboard.storyboard */; };
		E37D150A29F6684000300948 /* RecordViewController.swift in Sources */ = {isa = PBXBuildFile; fileRef = E37D150929F6684000300948 /* RecordViewController.swift */; };
		E37D151429F6827000300948 /* RecordsTableViewCell.swift in Sources */ = {isa = PBXBuildFile; fileRef = E37D151329F6827000300948 /* RecordsTableViewCell.swift */; };
		E37D151929F69BA000300948 /* .gitignore in Resources */ = {isa = PBXBuildFile; fileRef = E37D151829F69BA000300948 /* .gitignore */; };
		E37D151C29F7B45800300948 /* Extensions.swift in Sources */ = {isa = PBXBuildFile; fileRef = E37D151B29F7B45800300948 /* Extensions.swift */; };
		E3A0D4C229E40F9A00894838 /* AppDelegate.swift in Sources */ = {isa = PBXBuildFile; fileRef = E3A0D4C129E40F9A00894838 /* AppDelegate.swift */; };
		E3A0D4C429E40F9A00894838 /* SceneDelegate.swift in Sources */ = {isa = PBXBuildFile; fileRef = E3A0D4C329E40F9A00894838 /* SceneDelegate.swift */; };
		E3A0D4C629E40F9A00894838 /* ViewController.swift in Sources */ = {isa = PBXBuildFile; fileRef = E3A0D4C529E40F9A00894838 /* ViewController.swift */; };
		E3A0D4C929E40F9A00894838 /* Main.storyboard in Resources */ = {isa = PBXBuildFile; fileRef = E3A0D4C729E40F9A00894838 /* Main.storyboard */; };
		E3A0D4CB29E40F9B00894838 /* Assets.xcassets in Resources */ = {isa = PBXBuildFile; fileRef = E3A0D4CA29E40F9B00894838 /* Assets.xcassets */; };
		E3A0D4CE29E40F9B00894838 /* LaunchScreen.storyboard in Resources */ = {isa = PBXBuildFile; fileRef = E3A0D4CC29E40F9B00894838 /* LaunchScreen.storyboard */; };
		E3A0D4D929E40F9B00894838 /* HMS_Team3_SwiftAppTests.swift in Sources */ = {isa = PBXBuildFile; fileRef = E3A0D4D829E40F9B00894838 /* HMS_Team3_SwiftAppTests.swift */; };
		E3A0D4E329E40F9B00894838 /* HMS_Team3_SwiftAppUITests.swift in Sources */ = {isa = PBXBuildFile; fileRef = E3A0D4E229E40F9B00894838 /* HMS_Team3_SwiftAppUITests.swift */; };
		E3A0D4E529E40F9B00894838 /* HMS_Team3_SwiftAppUITestsLaunchTests.swift in Sources */ = {isa = PBXBuildFile; fileRef = E3A0D4E429E40F9B00894838 /* HMS_Team3_SwiftAppUITestsLaunchTests.swift */; };
/* End PBXBuildFile section */

/* Begin PBXContainerItemProxy section */
		E3A0D4D529E40F9B00894838 /* PBXContainerItemProxy */ = {
			isa = PBXContainerItemProxy;
			containerPortal = E3A0D4B629E40F9A00894838 /* Project object */;
			proxyType = 1;
			remoteGlobalIDString = E3A0D4BD29E40F9A00894838;
			remoteInfo = "HMS-Team3-SwiftApp";
		};
		E3A0D4DF29E40F9B00894838 /* PBXContainerItemProxy */ = {
			isa = PBXContainerItemProxy;
			containerPortal = E3A0D4B629E40F9A00894838 /* Project object */;
			proxyType = 1;
			remoteGlobalIDString = E3A0D4BD29E40F9A00894838;
			remoteInfo = "HMS-Team3-SwiftApp";
		};
/* End PBXContainerItemProxy section */

/* Begin PBXFileReference section */
		276811A029F90D26005209A0 /* CategoryCollectionViewCell.swift */ = {isa = PBXFileReference; lastKnownFileType = sourcecode.swift; path = CategoryCollectionViewCell.swift; sourceTree = "<group>"; };
		276811A129F90D26005209A0 /* CategoryCollectionViewCell.xib */ = {isa = PBXFileReference; lastKnownFileType = file.xib; path = CategoryCollectionViewCell.xib; sourceTree = "<group>"; };
		276811A429F90D64005209A0 /* TopDoctorCollectionViewCell.swift */ = {isa = PBXFileReference; lastKnownFileType = sourcecode.swift; path = TopDoctorCollectionViewCell.swift; sourceTree = "<group>"; };
		276811A529F90D64005209A0 /* TopDoctorCollectionViewCell.xib */ = {isa = PBXFileReference; lastKnownFileType = file.xib; path = TopDoctorCollectionViewCell.xib; sourceTree = "<group>"; };
		276811A829F90D96005209A0 /* RecentsDoctorCollectionViewCell.swift */ = {isa = PBXFileReference; lastKnownFileType = sourcecode.swift; path = RecentsDoctorCollectionViewCell.swift; sourceTree = "<group>"; };
		276811A929F90D96005209A0 /* RecentsDoctorCollectionViewCell.xib */ = {isa = PBXFileReference; lastKnownFileType = file.xib; path = RecentsDoctorCollectionViewCell.xib; sourceTree = "<group>"; };
		276811AC29F90DCF005209A0 /* DoctorCollectionViewCell.swift */ = {isa = PBXFileReference; lastKnownFileType = sourcecode.swift; path = DoctorCollectionViewCell.swift; sourceTree = "<group>"; };
		276811AD29F90DCF005209A0 /* DoctorCollectionViewCell.xib */ = {isa = PBXFileReference; lastKnownFileType = file.xib; path = DoctorCollectionViewCell.xib; sourceTree = "<group>"; };
		276811B029F90DD8005209A0 /* DateCollectionViewCell.swift */ = {isa = PBXFileReference; lastKnownFileType = sourcecode.swift; path = DateCollectionViewCell.swift; sourceTree = "<group>"; };
		276811B129F90DD8005209A0 /* DateCollectionViewCell.xib */ = {isa = PBXFileReference; lastKnownFileType = file.xib; path = DateCollectionViewCell.xib; sourceTree = "<group>"; };
		276811B429F90DDF005209A0 /* SlotCollectionViewCell.swift */ = {isa = PBXFileReference; lastKnownFileType = sourcecode.swift; path = SlotCollectionViewCell.swift; sourceTree = "<group>"; };
		276811B529F90DDF005209A0 /* SlotCollectionViewCell.xib */ = {isa = PBXFileReference; lastKnownFileType = file.xib; path = SlotCollectionViewCell.xib; sourceTree = "<group>"; };
		278CDFB329F0010A001D65BB /* ConsultViewController.swift */ = {isa = PBXFileReference; lastKnownFileType = sourcecode.swift; path = ConsultViewController.swift; sourceTree = "<group>"; };
		2790318D29F7CB340031CA6C /* DoctorDetailsViewController.swift */ = {isa = PBXFileReference; lastKnownFileType = sourcecode.swift; path = DoctorDetailsViewController.swift; sourceTree = "<group>"; };
		27D091E029F68127008D6072 /* ListDoctorsViewController.swift */ = {isa = PBXFileReference; lastKnownFileType = sourcecode.swift; path = ListDoctorsViewController.swift; sourceTree = "<group>"; };
		3A8BD1BD29FBA055002B720C /* CategoriesCollectionViewCell.swift */ = {isa = PBXFileReference; fileEncoding = 4; lastKnownFileType = sourcecode.swift; path = CategoriesCollectionViewCell.swift; sourceTree = "<group>"; };
		3A8BD1BE29FBA055002B720C /* UpcomingCollectionViewCell.swift */ = {isa = PBXFileReference; fileEncoding = 4; lastKnownFileType = sourcecode.swift; path = UpcomingCollectionViewCell.swift; sourceTree = "<group>"; };
		3A8BD1BF29FBA055002B720C /* PackagesCollectionViewTableViewCell.swift */ = {isa = PBXFileReference; fileEncoding = 4; lastKnownFileType = sourcecode.swift; path = PackagesCollectionViewTableViewCell.swift; sourceTree = "<group>"; };
		3A8BD1C029FBA055002B720C /* MedicineCollectionViewTableViewCell.swift */ = {isa = PBXFileReference; fileEncoding = 4; lastKnownFileType = sourcecode.swift; path = MedicineCollectionViewTableViewCell.swift; sourceTree = "<group>"; };
		3A8BD1C129FBA055002B720C /* CategoriesCollectionViewTableViewCell.swift */ = {isa = PBXFileReference; fileEncoding = 4; lastKnownFileType = sourcecode.swift; path = CategoriesCollectionViewTableViewCell.swift; sourceTree = "<group>"; };
		3A8BD1C229FBA055002B720C /* MedicineCollectionViewCell.swift */ = {isa = PBXFileReference; fileEncoding = 4; lastKnownFileType = sourcecode.swift; path = MedicineCollectionViewCell.swift; sourceTree = "<group>"; };
		3A8BD1C329FBA055002B720C /* UpcomingCollectionViewTableViewCell.swift */ = {isa = PBXFileReference; fileEncoding = 4; lastKnownFileType = sourcecode.swift; path = UpcomingCollectionViewTableViewCell.swift; sourceTree = "<group>"; };
		3A8BD1C429FBA055002B720C /* PackagesCollectionViewCell.swift */ = {isa = PBXFileReference; fileEncoding = 4; lastKnownFileType = sourcecode.swift; path = PackagesCollectionViewCell.swift; sourceTree = "<group>"; };
		3A8BD1CE29FBA13E002B720C /* SearchResultsViewController.swift */ = {isa = PBXFileReference; fileEncoding = 4; lastKnownFileType = sourcecode.swift; path = SearchResultsViewController.swift; sourceTree = "<group>"; };
		3A8BD1CF29FBA13E002B720C /* OngoingMedicationsViewController.swift */ = {isa = PBXFileReference; fileEncoding = 4; lastKnownFileType = sourcecode.swift; path = OngoingMedicationsViewController.swift; sourceTree = "<group>"; };
		3A8BD1D029FBA13E002B720C /* CategoriesCollectionViewController.swift */ = {isa = PBXFileReference; fileEncoding = 4; lastKnownFileType = sourcecode.swift; path = CategoriesCollectionViewController.swift; sourceTree = "<group>"; };
		3A8BD1D129FBA13E002B720C /* PackagesViewController.swift */ = {isa = PBXFileReference; fileEncoding = 4; lastKnownFileType = sourcecode.swift; path = PackagesViewController.swift; sourceTree = "<group>"; };
		3A8BD1D229FBA13E002B720C /* UpcomingAppointmentsViewController.swift */ = {isa = PBXFileReference; fileEncoding = 4; lastKnownFileType = sourcecode.swift; path = UpcomingAppointmentsViewController.swift; sourceTree = "<group>"; };
		3AEA1D0C29E81C90005369C4 /* LoginStoryboard.storyboard */ = {isa = PBXFileReference; lastKnownFileType = file.storyboard; path = LoginStoryboard.storyboard; sourceTree = "<group>"; };
		3AEA1D0E29E81CBA005369C4 /* LoginViewController.swift */ = {isa = PBXFileReference; lastKnownFileType = sourcecode.swift; path = LoginViewController.swift; sourceTree = "<group>"; };
		6B36E37329FA70F3003023B3 /* Invoice.storyboard */ = {isa = PBXFileReference; lastKnownFileType = file.storyboard; path = Invoice.storyboard; sourceTree = "<group>"; };
		6B36E37529FA7157003023B3 /* InvoiceViewController.swift */ = {isa = PBXFileReference; lastKnownFileType = sourcecode.swift; path = InvoiceViewController.swift; sourceTree = "<group>"; };
		6B38EFB629F686800084981F /* PatientProfileMedicalHistory.storyboard */ = {isa = PBXFileReference; lastKnownFileType = file.storyboard; path = PatientProfileMedicalHistory.storyboard; sourceTree = "<group>"; };
		6B38EFB829F691CB0084981F /* MedicalhistoryDataModel.swift */ = {isa = PBXFileReference; lastKnownFileType = sourcecode.swift; path = MedicalhistoryDataModel.swift; sourceTree = "<group>"; };
		6B38EFBB29F692EC0084981F /* MRTableTableViewCell.swift */ = {isa = PBXFileReference; lastKnownFileType = sourcecode.swift; path = MRTableTableViewCell.swift; sourceTree = "<group>"; };
		6B38EFBD29F69E170084981F /* MedicalHistoryCollectionViewCell.swift */ = {isa = PBXFileReference; lastKnownFileType = sourcecode.swift; path = MedicalHistoryCollectionViewCell.swift; sourceTree = "<group>"; };
		6BECC3AC29F10110006A243F /* OnboardingStoryboard.storyboard */ = {isa = PBXFileReference; lastKnownFileType = file.storyboard; path = OnboardingStoryboard.storyboard; sourceTree = "<group>"; };
		760689B129FD1F2600A29A08 /* AppleHealthTableViewCell.swift */ = {isa = PBXFileReference; lastKnownFileType = sourcecode.swift; path = AppleHealthTableViewCell.swift; sourceTree = "<group>"; };
		760689B429FD2E0E00A29A08 /* AppleHealthFunctions.swift */ = {isa = PBXFileReference; lastKnownFileType = sourcecode.swift; path = AppleHealthFunctions.swift; sourceTree = "<group>"; };
		765F863E29EFEFA5009E67F2 /* User.swift */ = {isa = PBXFileReference; lastKnownFileType = sourcecode.swift; path = User.swift; sourceTree = "<group>"; };
		765F864029EFEFBB009E67F2 /* Enums.swift */ = {isa = PBXFileReference; lastKnownFileType = sourcecode.swift; path = Enums.swift; sourceTree = "<group>"; };
		765F864229EFEFD1009E67F2 /* Appointments.swift */ = {isa = PBXFileReference; lastKnownFileType = sourcecode.swift; path = Appointments.swift; sourceTree = "<group>"; };
		765F864429EFEFE7009E67F2 /* Home.swift */ = {isa = PBXFileReference; lastKnownFileType = sourcecode.swift; path = Home.swift; sourceTree = "<group>"; };
		765F864829EFF40D009E67F2 /* ProfileTableViewCell.swift */ = {isa = PBXFileReference; lastKnownFileType = sourcecode.swift; path = ProfileTableViewCell.swift; sourceTree = "<group>"; };
		765F864A29EFF843009E67F2 /* ProfileHeaderUIView.swift */ = {isa = PBXFileReference; lastKnownFileType = sourcecode.swift; path = ProfileHeaderUIView.swift; sourceTree = "<group>"; };
		765F864D29F0FD38009E67F2 /* MedicalHistoryViewController.swift */ = {isa = PBXFileReference; lastKnownFileType = sourcecode.swift; path = MedicalHistoryViewController.swift; sourceTree = "<group>"; };
		765F864F29F0FE14009E67F2 /* VitalsViewController.swift */ = {isa = PBXFileReference; lastKnownFileType = sourcecode.swift; path = VitalsViewController.swift; sourceTree = "<group>"; };
		765F865129F0FE2A009E67F2 /* SOSContactsViewController.swift */ = {isa = PBXFileReference; lastKnownFileType = sourcecode.swift; path = SOSContactsViewController.swift; sourceTree = "<group>"; };
		765F865329F0FE3E009E67F2 /* AppleHealthViewController.swift */ = {isa = PBXFileReference; lastKnownFileType = sourcecode.swift; path = AppleHealthViewController.swift; sourceTree = "<group>"; };
		765F865529F0FF4B009E67F2 /* QuickStatsTableViewCell.swift */ = {isa = PBXFileReference; lastKnownFileType = sourcecode.swift; path = QuickStatsTableViewCell.swift; sourceTree = "<group>"; };
		765F865829F1046A009E67F2 /* QuickStatsCollectionViewCell.swift */ = {isa = PBXFileReference; lastKnownFileType = sourcecode.swift; path = QuickStatsCollectionViewCell.swift; sourceTree = "<group>"; };
		765F865B29F25C86009E67F2 /* ProfileHeaderUIViewDelegate.swift */ = {isa = PBXFileReference; lastKnownFileType = sourcecode.swift; path = ProfileHeaderUIViewDelegate.swift; sourceTree = "<group>"; };
		765F865E29F268C9009E67F2 /* EditProfileViewController.swift */ = {isa = PBXFileReference; lastKnownFileType = sourcecode.swift; path = EditProfileViewController.swift; sourceTree = "<group>"; };
		765F866029F26D26009E67F2 /* EditProfileTableViewCell.swift */ = {isa = PBXFileReference; lastKnownFileType = sourcecode.swift; path = EditProfileTableViewCell.swift; sourceTree = "<group>"; };
		766926A529F68D3C00F4F728 /* UserAuthentication.swift */ = {isa = PBXFileReference; lastKnownFileType = sourcecode.swift; path = UserAuthentication.swift; sourceTree = "<group>"; };
		766926A729F691CE00F4F728 /* LoginPatient.swift */ = {isa = PBXFileReference; lastKnownFileType = sourcecode.swift; path = LoginPatient.swift; sourceTree = "<group>"; };
		7673EBA629EFEABD00F10EB7 /* ProfileViewController.swift */ = {isa = PBXFileReference; lastKnownFileType = sourcecode.swift; path = ProfileViewController.swift; sourceTree = "<group>"; };
		76D7A20E29F6866C00E6F225 /* GoogleService-Info.plist */ = {isa = PBXFileReference; fileEncoding = 4; lastKnownFileType = text.plist.xml; path = "GoogleService-Info.plist"; sourceTree = "<group>"; };
		AC4D05AA29F6845E004E4C44 /* SOS Contacts.storyboard */ = {isa = PBXFileReference; lastKnownFileType = file.storyboard; path = "SOS Contacts.storyboard"; sourceTree = "<group>"; };
		AC4D05AD29F689D8004E4C44 /* SOSContactCollectionViewCell.swift */ = {isa = PBXFileReference; lastKnownFileType = sourcecode.swift; path = SOSContactCollectionViewCell.swift; sourceTree = "<group>"; };
		CE980B6D29F92FCB0084C590 /* ClickCollectionViewDelegate.swift */ = {isa = PBXFileReference; lastKnownFileType = sourcecode.swift; path = ClickCollectionViewDelegate.swift; sourceTree = "<group>"; };
		CE980B7C29F936310084C590 /* DiscoverViewController.swift */ = {isa = PBXFileReference; fileEncoding = 4; lastKnownFileType = sourcecode.swift; path = DiscoverViewController.swift; sourceTree = "<group>"; };
		CE980B8B29F93D570084C590 /* Utilities.swift */ = {isa = PBXFileReference; fileEncoding = 4; lastKnownFileType = sourcecode.swift; path = Utilities.swift; sourceTree = "<group>"; };
		E317358E29F927D100B16A2A /* HMS-Team3-SwiftApp.entitlements */ = {isa = PBXFileReference; lastKnownFileType = text.plist.entitlements; path = "HMS-Team3-SwiftApp.entitlements"; sourceTree = "<group>"; };
		E3620D7529ED3BC8008F9B98 /* TabBarViewController.swift */ = {isa = PBXFileReference; lastKnownFileType = sourcecode.swift; path = TabBarViewController.swift; sourceTree = "<group>"; };
		E3620D7729ED3CE7008F9B98 /* DiscoverStoryboard.storyboard */ = {isa = PBXFileReference; lastKnownFileType = file.storyboard; path = DiscoverStoryboard.storyboard; sourceTree = "<group>"; };
		E3620D7929ED3DD6008F9B98 /* ScheduleStoryboard.storyboard */ = {isa = PBXFileReference; lastKnownFileType = file.storyboard; path = ScheduleStoryboard.storyboard; sourceTree = "<group>"; };
		E3620D7B29ED3DDF008F9B98 /* ChatStoryboard.storyboard */ = {isa = PBXFileReference; lastKnownFileType = file.storyboard; path = ChatStoryboard.storyboard; sourceTree = "<group>"; };
		E3620D7D29ED3E01008F9B98 /* ConsultStoryboard.storyboard */ = {isa = PBXFileReference; lastKnownFileType = file.storyboard; path = ConsultStoryboard.storyboard; sourceTree = "<group>"; };
		E3620D7F29ED3E0F008F9B98 /* RecordsStoryboard.storyboard */ = {isa = PBXFileReference; lastKnownFileType = file.storyboard; path = RecordsStoryboard.storyboard; sourceTree = "<group>"; };
		E3620D8129ED3E18008F9B98 /* PatientProfileStoryboard.storyboard */ = {isa = PBXFileReference; lastKnownFileType = file.storyboard; path = PatientProfileStoryboard.storyboard; sourceTree = "<group>"; };
		E3620D8529ED3E5C008F9B98 /* DoctorProfileStoryboard.storyboard */ = {isa = PBXFileReference; lastKnownFileType = file.storyboard; path = DoctorProfileStoryboard.storyboard; sourceTree = "<group>"; };
		E3620D8729ED3E6B008F9B98 /* HomeStoryboard.storyboard */ = {isa = PBXFileReference; lastKnownFileType = file.storyboard; path = HomeStoryboard.storyboard; sourceTree = "<group>"; };
		E37D150929F6684000300948 /* RecordViewController.swift */ = {isa = PBXFileReference; lastKnownFileType = sourcecode.swift; path = RecordViewController.swift; sourceTree = "<group>"; };
		E37D151329F6827000300948 /* RecordsTableViewCell.swift */ = {isa = PBXFileReference; lastKnownFileType = sourcecode.swift; path = RecordsTableViewCell.swift; sourceTree = "<group>"; };
		E37D151829F69BA000300948 /* .gitignore */ = {isa = PBXFileReference; lastKnownFileType = text; path = .gitignore; sourceTree = "<group>"; };
		E37D151B29F7B45800300948 /* Extensions.swift */ = {isa = PBXFileReference; lastKnownFileType = sourcecode.swift; path = Extensions.swift; sourceTree = "<group>"; };
		E3A0D4BE29E40F9A00894838 /* HMS-Team3-SwiftApp.app */ = {isa = PBXFileReference; explicitFileType = wrapper.application; includeInIndex = 0; path = "HMS-Team3-SwiftApp.app"; sourceTree = BUILT_PRODUCTS_DIR; };
		E3A0D4C129E40F9A00894838 /* AppDelegate.swift */ = {isa = PBXFileReference; lastKnownFileType = sourcecode.swift; path = AppDelegate.swift; sourceTree = "<group>"; };
		E3A0D4C329E40F9A00894838 /* SceneDelegate.swift */ = {isa = PBXFileReference; lastKnownFileType = sourcecode.swift; path = SceneDelegate.swift; sourceTree = "<group>"; };
		E3A0D4C529E40F9A00894838 /* ViewController.swift */ = {isa = PBXFileReference; lastKnownFileType = sourcecode.swift; path = ViewController.swift; sourceTree = "<group>"; };
		E3A0D4C829E40F9A00894838 /* Base */ = {isa = PBXFileReference; lastKnownFileType = file.storyboard; name = Base; path = Base.lproj/Main.storyboard; sourceTree = "<group>"; };
		E3A0D4CA29E40F9B00894838 /* Assets.xcassets */ = {isa = PBXFileReference; lastKnownFileType = folder.assetcatalog; path = Assets.xcassets; sourceTree = "<group>"; };
		E3A0D4CD29E40F9B00894838 /* Base */ = {isa = PBXFileReference; lastKnownFileType = file.storyboard; name = Base; path = Base.lproj/LaunchScreen.storyboard; sourceTree = "<group>"; };
		E3A0D4CF29E40F9B00894838 /* Info.plist */ = {isa = PBXFileReference; lastKnownFileType = text.plist.xml; path = Info.plist; sourceTree = "<group>"; };
		E3A0D4D429E40F9B00894838 /* HMS-Team3-SwiftAppTests.xctest */ = {isa = PBXFileReference; explicitFileType = wrapper.cfbundle; includeInIndex = 0; path = "HMS-Team3-SwiftAppTests.xctest"; sourceTree = BUILT_PRODUCTS_DIR; };
		E3A0D4D829E40F9B00894838 /* HMS_Team3_SwiftAppTests.swift */ = {isa = PBXFileReference; lastKnownFileType = sourcecode.swift; path = HMS_Team3_SwiftAppTests.swift; sourceTree = "<group>"; };
		E3A0D4DE29E40F9B00894838 /* HMS-Team3-SwiftAppUITests.xctest */ = {isa = PBXFileReference; explicitFileType = wrapper.cfbundle; includeInIndex = 0; path = "HMS-Team3-SwiftAppUITests.xctest"; sourceTree = BUILT_PRODUCTS_DIR; };
		E3A0D4E229E40F9B00894838 /* HMS_Team3_SwiftAppUITests.swift */ = {isa = PBXFileReference; lastKnownFileType = sourcecode.swift; path = HMS_Team3_SwiftAppUITests.swift; sourceTree = "<group>"; };
		E3A0D4E429E40F9B00894838 /* HMS_Team3_SwiftAppUITestsLaunchTests.swift */ = {isa = PBXFileReference; lastKnownFileType = sourcecode.swift; path = HMS_Team3_SwiftAppUITestsLaunchTests.swift; sourceTree = "<group>"; };
/* End PBXFileReference section */

/* Begin PBXFrameworksBuildPhase section */
		E3A0D4BB29E40F9A00894838 /* Frameworks */ = {
			isa = PBXFrameworksBuildPhase;
			buildActionMask = 2147483647;
			files = (
				76D7A21229F6873D00E6F225 /* FirebaseAuth in Frameworks */,
				76D7A21429F6873D00E6F225 /* FirebaseFirestore in Frameworks */,
				76D7A21729F6895600E6F225 /* GoogleSignIn in Frameworks */,
			);
			runOnlyForDeploymentPostprocessing = 0;
		};
		E3A0D4D129E40F9B00894838 /* Frameworks */ = {
			isa = PBXFrameworksBuildPhase;
			buildActionMask = 2147483647;
			files = (
			);
			runOnlyForDeploymentPostprocessing = 0;
		};
		E3A0D4DB29E40F9B00894838 /* Frameworks */ = {
			isa = PBXFrameworksBuildPhase;
			buildActionMask = 2147483647;
			files = (
			);
			runOnlyForDeploymentPostprocessing = 0;
		};
/* End PBXFrameworksBuildPhase section */

/* Begin PBXGroup section */
		27125E0729F90C7700235D43 /* PatientScreen */ = {
			isa = PBXGroup;
			children = (
				3A8BD1BC29FBA055002B720C /* DiscoverScreen */,
				765F864729EFF3FC009E67F2 /* ProfileScreen */,
				E37D150529F667E200300948 /* RecordScreen */,
				2768119F29F90CD3005209A0 /* Consult */,
			);
			path = PatientScreen;
			sourceTree = "<group>";
		};
		2768119F29F90CD3005209A0 /* Consult */ = {
			isa = PBXGroup;
			children = (
				276811A029F90D26005209A0 /* CategoryCollectionViewCell.swift */,
				276811A429F90D64005209A0 /* TopDoctorCollectionViewCell.swift */,
				276811A529F90D64005209A0 /* TopDoctorCollectionViewCell.xib */,
				276811AC29F90DCF005209A0 /* DoctorCollectionViewCell.swift */,
				276811B029F90DD8005209A0 /* DateCollectionViewCell.swift */,
				276811B429F90DDF005209A0 /* SlotCollectionViewCell.swift */,
				276811B529F90DDF005209A0 /* SlotCollectionViewCell.xib */,
				276811B129F90DD8005209A0 /* DateCollectionViewCell.xib */,
				276811AD29F90DCF005209A0 /* DoctorCollectionViewCell.xib */,
				276811A829F90D96005209A0 /* RecentsDoctorCollectionViewCell.swift */,
				276811A929F90D96005209A0 /* RecentsDoctorCollectionViewCell.xib */,
				276811A129F90D26005209A0 /* CategoryCollectionViewCell.xib */,
			);
			path = Consult;
			sourceTree = "<group>";
		};
		278CDFAF29EFFF50001D65BB /* Patient */ = {
			isa = PBXGroup;
			children = (
				3A8BD1CD29FBA13E002B720C /* Discover Sub Screens */,
				765F865D29F25EB9009E67F2 /* Core */,
				765F864C29F0FD17009E67F2 /* Profile Sub Screens */,
				278CDFB029EFFF5E001D65BB /* Consult Sub Screens */,
			);
			path = Patient;
			sourceTree = "<group>";
		};
		278CDFB029EFFF5E001D65BB /* Consult Sub Screens */ = {
			isa = PBXGroup;
			children = (
				27D091E029F68127008D6072 /* ListDoctorsViewController.swift */,
				2790318D29F7CB340031CA6C /* DoctorDetailsViewController.swift */,
			);
			path = "Consult Sub Screens";
			sourceTree = "<group>";
		};
		3A6F75D329EFEA4C0067FBB9 /* API */ = {
			isa = PBXGroup;
			children = (
				760689B329FD2DEC00A29A08 /* Health Store API's */,
				766926A529F68D3C00F4F728 /* UserAuthentication.swift */,
			);
			path = API;
			sourceTree = "<group>";
		};
		3A8BD1BC29FBA055002B720C /* DiscoverScreen */ = {
			isa = PBXGroup;
			children = (
				3A8BD1BD29FBA055002B720C /* CategoriesCollectionViewCell.swift */,
				3A8BD1BE29FBA055002B720C /* UpcomingCollectionViewCell.swift */,
				3A8BD1BF29FBA055002B720C /* PackagesCollectionViewTableViewCell.swift */,
				3A8BD1C029FBA055002B720C /* MedicineCollectionViewTableViewCell.swift */,
				3A8BD1C129FBA055002B720C /* CategoriesCollectionViewTableViewCell.swift */,
				3A8BD1C229FBA055002B720C /* MedicineCollectionViewCell.swift */,
				3A8BD1C329FBA055002B720C /* UpcomingCollectionViewTableViewCell.swift */,
				3A8BD1C429FBA055002B720C /* PackagesCollectionViewCell.swift */,
			);
			path = DiscoverScreen;
			sourceTree = "<group>";
		};
		3A8BD1CD29FBA13E002B720C /* Discover Sub Screens */ = {
			isa = PBXGroup;
			children = (
				3A8BD1CE29FBA13E002B720C /* SearchResultsViewController.swift */,
				3A8BD1CF29FBA13E002B720C /* OngoingMedicationsViewController.swift */,
				3A8BD1D029FBA13E002B720C /* CategoriesCollectionViewController.swift */,
				3A8BD1D129FBA13E002B720C /* PackagesViewController.swift */,
				3A8BD1D229FBA13E002B720C /* UpcomingAppointmentsViewController.swift */,
			);
			path = "Discover Sub Screens";
			sourceTree = "<group>";
		};
		3AEA1D0A29E81C76005369C4 /* Controllers */ = {
			isa = PBXGroup;
			children = (
				278CDFAF29EFFF50001D65BB /* Patient */,
				AC4D05AC29F689B2004E4C44 /* SOS Contacts Cell */,
				3AEA1D0B29E81C80005369C4 /* Storyboards */,
				E3A0D4CC29E40F9B00894838 /* LaunchScreen.storyboard */,
			);
			path = Controllers;
			sourceTree = "<group>";
		};
		3AEA1D0B29E81C80005369C4 /* Storyboards */ = {
			isa = PBXGroup;
			children = (
				E3A0D4C729E40F9A00894838 /* Main.storyboard */,
				E3620D8429ED3E47008F9B98 /* DoctorStoryboards */,
				E3620D8329ED3E1D008F9B98 /* PatientStoryboards */,
				3AEA1D0C29E81C90005369C4 /* LoginStoryboard.storyboard */,
			);
			path = Storyboards;
			sourceTree = "<group>";
		};
		6B38EFBA29F692150084981F /* Medical History Data Model */ = {
			isa = PBXGroup;
			children = (
				6B38EFB829F691CB0084981F /* MedicalhistoryDataModel.swift */,
				6B38EFBB29F692EC0084981F /* MRTableTableViewCell.swift */,
			);
			path = "Medical History Data Model";
			sourceTree = "<group>";
		};
		760689B029FD1F1200A29A08 /* Apple Health */ = {
			isa = PBXGroup;
			children = (
				765F865329F0FE3E009E67F2 /* AppleHealthViewController.swift */,
				760689B129FD1F2600A29A08 /* AppleHealthTableViewCell.swift */,
			);
			path = "Apple Health";
			sourceTree = "<group>";
		};
		760689B329FD2DEC00A29A08 /* Health Store API's */ = {
			isa = PBXGroup;
			children = (
				760689B429FD2E0E00A29A08 /* AppleHealthFunctions.swift */,
			);
			path = "Health Store API's";
			sourceTree = "<group>";
		};
		765F863D29EFEF9D009E67F2 /* Models */ = {
			isa = PBXGroup;
			children = (
				765F863E29EFEFA5009E67F2 /* User.swift */,
				765F864029EFEFBB009E67F2 /* Enums.swift */,
				765F864229EFEFD1009E67F2 /* Appointments.swift */,
				765F864429EFEFE7009E67F2 /* Home.swift */,
				766926A729F691CE00F4F728 /* LoginPatient.swift */,
				6B38EFBA29F692150084981F /* Medical History Data Model */,
			);
			path = Models;
			sourceTree = "<group>";
		};
		765F864629EFF3F4009E67F2 /* Views */ = {
			isa = PBXGroup;
			children = (
				27125E0729F90C7700235D43 /* PatientScreen */,
			);
			path = Views;
			sourceTree = "<group>";
		};
		765F864729EFF3FC009E67F2 /* ProfileScreen */ = {
			isa = PBXGroup;
			children = (
				765F864829EFF40D009E67F2 /* ProfileTableViewCell.swift */,
				765F864A29EFF843009E67F2 /* ProfileHeaderUIView.swift */,
				765F865529F0FF4B009E67F2 /* QuickStatsTableViewCell.swift */,
				765F865829F1046A009E67F2 /* QuickStatsCollectionViewCell.swift */,
				765F866029F26D26009E67F2 /* EditProfileTableViewCell.swift */,
				6B36E37529FA7157003023B3 /* InvoiceViewController.swift */,
			);
			path = ProfileScreen;
			sourceTree = "<group>";
		};
		765F864C29F0FD17009E67F2 /* Profile Sub Screens */ = {
			isa = PBXGroup;
			children = (
				760689B029FD1F1200A29A08 /* Apple Health */,
				765F864D29F0FD38009E67F2 /* MedicalHistoryViewController.swift */,
				765F864F29F0FE14009E67F2 /* VitalsViewController.swift */,
				765F865129F0FE2A009E67F2 /* SOSContactsViewController.swift */,
				765F865E29F268C9009E67F2 /* EditProfileViewController.swift */,
			);
			path = "Profile Sub Screens";
			sourceTree = "<group>";
		};
		765F865A29F25C79009E67F2 /* Protocols */ = {
			isa = PBXGroup;
			children = (
				765F865B29F25C86009E67F2 /* ProfileHeaderUIViewDelegate.swift */,
				CE980B6D29F92FCB0084C590 /* ClickCollectionViewDelegate.swift */,
			);
			path = Protocols;
			sourceTree = "<group>";
		};
		765F865D29F25EB9009E67F2 /* Core */ = {
			isa = PBXGroup;
			children = (
				CE980B7C29F936310084C590 /* DiscoverViewController.swift */,
				E37D150929F6684000300948 /* RecordViewController.swift */,
				278CDFB329F0010A001D65BB /* ConsultViewController.swift */,
				3AEA1D0E29E81CBA005369C4 /* LoginViewController.swift */,
				7673EBA629EFEABD00F10EB7 /* ProfileViewController.swift */,
			);
			path = Core;
			sourceTree = "<group>";
		};
		AC4D05A929F6844C004E4C44 /* Profile Sub-Screens */ = {
			isa = PBXGroup;
			children = (
				AC4D05AA29F6845E004E4C44 /* SOS Contacts.storyboard */,
				6B36E37329FA70F3003023B3 /* Invoice.storyboard */,
			);
			path = "Profile Sub-Screens";
			sourceTree = "<group>";
		};
		AC4D05AC29F689B2004E4C44 /* SOS Contacts Cell */ = {
			isa = PBXGroup;
			children = (
				AC4D05AD29F689D8004E4C44 /* SOSContactCollectionViewCell.swift */,
			);
			path = "SOS Contacts Cell";
			sourceTree = "<group>";
		};
		E3620D8329ED3E1D008F9B98 /* PatientStoryboards */ = {
			isa = PBXGroup;
			children = (
				AC4D05A929F6844C004E4C44 /* Profile Sub-Screens */,
				6BECC3AC29F10110006A243F /* OnboardingStoryboard.storyboard */,
				E3620D7729ED3CE7008F9B98 /* DiscoverStoryboard.storyboard */,
				E3620D7D29ED3E01008F9B98 /* ConsultStoryboard.storyboard */,
				E3620D7F29ED3E0F008F9B98 /* RecordsStoryboard.storyboard */,
				E3620D8129ED3E18008F9B98 /* PatientProfileStoryboard.storyboard */,
				6B38EFB629F686800084981F /* PatientProfileMedicalHistory.storyboard */,
				6B38EFBD29F69E170084981F /* MedicalHistoryCollectionViewCell.swift */,
			);
			path = PatientStoryboards;
			sourceTree = "<group>";
		};
		E3620D8429ED3E47008F9B98 /* DoctorStoryboards */ = {
			isa = PBXGroup;
			children = (
				E3620D7929ED3DD6008F9B98 /* ScheduleStoryboard.storyboard */,
				E3620D7B29ED3DDF008F9B98 /* ChatStoryboard.storyboard */,
				E3620D8529ED3E5C008F9B98 /* DoctorProfileStoryboard.storyboard */,
				E3620D8729ED3E6B008F9B98 /* HomeStoryboard.storyboard */,
			);
			path = DoctorStoryboards;
			sourceTree = "<group>";
		};
		E37D150529F667E200300948 /* RecordScreen */ = {
			isa = PBXGroup;
			children = (
				E37D151329F6827000300948 /* RecordsTableViewCell.swift */,
			);
			path = RecordScreen;
			sourceTree = "<group>";
		};
		E37D151A29F7B44800300948 /* Resources */ = {
			isa = PBXGroup;
			children = (
				E37D151B29F7B45800300948 /* Extensions.swift */,
				CE980B8B29F93D570084C590 /* Utilities.swift */,
			);
			path = Resources;
			sourceTree = "<group>";
		};
		E3A0D4B529E40F9A00894838 = {
			isa = PBXGroup;
			children = (
				E37D151829F69BA000300948 /* .gitignore */,
				E3A0D4C029E40F9A00894838 /* HMS-Team3-SwiftApp */,
				E3A0D4D729E40F9B00894838 /* HMS-Team3-SwiftAppTests */,
				E3A0D4E129E40F9B00894838 /* HMS-Team3-SwiftAppUITests */,
				E3A0D4BF29E40F9A00894838 /* Products */,
			);
			sourceTree = "<group>";
		};
		E3A0D4BF29E40F9A00894838 /* Products */ = {
			isa = PBXGroup;
			children = (
				E3A0D4BE29E40F9A00894838 /* HMS-Team3-SwiftApp.app */,
				E3A0D4D429E40F9B00894838 /* HMS-Team3-SwiftAppTests.xctest */,
				E3A0D4DE29E40F9B00894838 /* HMS-Team3-SwiftAppUITests.xctest */,
			);
			name = Products;
			sourceTree = "<group>";
		};
		E3A0D4C029E40F9A00894838 /* HMS-Team3-SwiftApp */ = {
			isa = PBXGroup;
			children = (
				E3A0D4C129E40F9A00894838 /* AppDelegate.swift */,
				E3A0D4C329E40F9A00894838 /* SceneDelegate.swift */,
				E317358E29F927D100B16A2A /* HMS-Team3-SwiftApp.entitlements */,
				E37D151A29F7B44800300948 /* Resources */,
				3A6F75D329EFEA4C0067FBB9 /* API */,
				765F865A29F25C79009E67F2 /* Protocols */,
				765F863D29EFEF9D009E67F2 /* Models */,
				765F864629EFF3F4009E67F2 /* Views */,
				E3A0D4C529E40F9A00894838 /* ViewController.swift */,
				E3620D7529ED3BC8008F9B98 /* TabBarViewController.swift */,
				3AEA1D0A29E81C76005369C4 /* Controllers */,
				E3A0D4CA29E40F9B00894838 /* Assets.xcassets */,
				E3A0D4CF29E40F9B00894838 /* Info.plist */,
				76D7A20E29F6866C00E6F225 /* GoogleService-Info.plist */,
			);
			path = "HMS-Team3-SwiftApp";
			sourceTree = "<group>";
		};
		E3A0D4D729E40F9B00894838 /* HMS-Team3-SwiftAppTests */ = {
			isa = PBXGroup;
			children = (
				E3A0D4D829E40F9B00894838 /* HMS_Team3_SwiftAppTests.swift */,
			);
			path = "HMS-Team3-SwiftAppTests";
			sourceTree = "<group>";
		};
		E3A0D4E129E40F9B00894838 /* HMS-Team3-SwiftAppUITests */ = {
			isa = PBXGroup;
			children = (
				E3A0D4E229E40F9B00894838 /* HMS_Team3_SwiftAppUITests.swift */,
				E3A0D4E429E40F9B00894838 /* HMS_Team3_SwiftAppUITestsLaunchTests.swift */,
			);
			path = "HMS-Team3-SwiftAppUITests";
			sourceTree = "<group>";
		};
/* End PBXGroup section */

/* Begin PBXNativeTarget section */
		E3A0D4BD29E40F9A00894838 /* HMS-Team3-SwiftApp */ = {
			isa = PBXNativeTarget;
			buildConfigurationList = E3A0D4E829E40F9B00894838 /* Build configuration list for PBXNativeTarget "HMS-Team3-SwiftApp" */;
			buildPhases = (
				E3A0D4BA29E40F9A00894838 /* Sources */,
				E3A0D4BB29E40F9A00894838 /* Frameworks */,
				E3A0D4BC29E40F9A00894838 /* Resources */,
			);
			buildRules = (
			);
			dependencies = (
			);
			name = "HMS-Team3-SwiftApp";
			packageProductDependencies = (
				76D7A21129F6873D00E6F225 /* FirebaseAuth */,
				76D7A21329F6873D00E6F225 /* FirebaseFirestore */,
				76D7A21629F6895600E6F225 /* GoogleSignIn */,
			);
			productName = "HMS-Team3-SwiftApp";
			productReference = E3A0D4BE29E40F9A00894838 /* HMS-Team3-SwiftApp.app */;
			productType = "com.apple.product-type.application";
		};
		E3A0D4D329E40F9B00894838 /* HMS-Team3-SwiftAppTests */ = {
			isa = PBXNativeTarget;
			buildConfigurationList = E3A0D4EB29E40F9B00894838 /* Build configuration list for PBXNativeTarget "HMS-Team3-SwiftAppTests" */;
			buildPhases = (
				E3A0D4D029E40F9B00894838 /* Sources */,
				E3A0D4D129E40F9B00894838 /* Frameworks */,
				E3A0D4D229E40F9B00894838 /* Resources */,
			);
			buildRules = (
			);
			dependencies = (
				E3A0D4D629E40F9B00894838 /* PBXTargetDependency */,
			);
			name = "HMS-Team3-SwiftAppTests";
			productName = "HMS-Team3-SwiftAppTests";
			productReference = E3A0D4D429E40F9B00894838 /* HMS-Team3-SwiftAppTests.xctest */;
			productType = "com.apple.product-type.bundle.unit-test";
		};
		E3A0D4DD29E40F9B00894838 /* HMS-Team3-SwiftAppUITests */ = {
			isa = PBXNativeTarget;
			buildConfigurationList = E3A0D4EE29E40F9B00894838 /* Build configuration list for PBXNativeTarget "HMS-Team3-SwiftAppUITests" */;
			buildPhases = (
				E3A0D4DA29E40F9B00894838 /* Sources */,
				E3A0D4DB29E40F9B00894838 /* Frameworks */,
				E3A0D4DC29E40F9B00894838 /* Resources */,
			);
			buildRules = (
			);
			dependencies = (
				E3A0D4E029E40F9B00894838 /* PBXTargetDependency */,
			);
			name = "HMS-Team3-SwiftAppUITests";
			productName = "HMS-Team3-SwiftAppUITests";
			productReference = E3A0D4DE29E40F9B00894838 /* HMS-Team3-SwiftAppUITests.xctest */;
			productType = "com.apple.product-type.bundle.ui-testing";
		};
/* End PBXNativeTarget section */

/* Begin PBXProject section */
		E3A0D4B629E40F9A00894838 /* Project object */ = {
			isa = PBXProject;
			attributes = {
				BuildIndependentTargetsInParallel = 1;
				LastSwiftUpdateCheck = 1420;
				LastUpgradeCheck = 1430;
				TargetAttributes = {
					E3A0D4BD29E40F9A00894838 = {
						CreatedOnToolsVersion = 14.2;
					};
					E3A0D4D329E40F9B00894838 = {
						CreatedOnToolsVersion = 14.2;
						TestTargetID = E3A0D4BD29E40F9A00894838;
					};
					E3A0D4DD29E40F9B00894838 = {
						CreatedOnToolsVersion = 14.2;
						TestTargetID = E3A0D4BD29E40F9A00894838;
					};
				};
			};
			buildConfigurationList = E3A0D4B929E40F9A00894838 /* Build configuration list for PBXProject "HMS-Team3-SwiftApp" */;
			compatibilityVersion = "Xcode 14.0";
			developmentRegion = en;
			hasScannedForEncodings = 0;
			knownRegions = (
				en,
				Base,
			);
			mainGroup = E3A0D4B529E40F9A00894838;
			packageReferences = (
				76D7A21029F6873D00E6F225 /* XCRemoteSwiftPackageReference "firebase-ios-sdk" */,
				76D7A21529F6895600E6F225 /* XCRemoteSwiftPackageReference "GoogleSignIn-iOS" */,
			);
			productRefGroup = E3A0D4BF29E40F9A00894838 /* Products */;
			projectDirPath = "";
			projectRoot = "";
			targets = (
				E3A0D4BD29E40F9A00894838 /* HMS-Team3-SwiftApp */,
				E3A0D4D329E40F9B00894838 /* HMS-Team3-SwiftAppTests */,
				E3A0D4DD29E40F9B00894838 /* HMS-Team3-SwiftAppUITests */,
			);
		};
/* End PBXProject section */

/* Begin PBXResourcesBuildPhase section */
		E3A0D4BC29E40F9A00894838 /* Resources */ = {
			isa = PBXResourcesBuildPhase;
			buildActionMask = 2147483647;
			files = (
				76D7A20F29F6866C00E6F225 /* GoogleService-Info.plist in Resources */,
				E3620D7829ED3CE7008F9B98 /* DiscoverStoryboard.storyboard in Resources */,
				6BECC3AD29F10110006A243F /* OnboardingStoryboard.storyboard in Resources */,
				E3620D7A29ED3DD6008F9B98 /* ScheduleStoryboard.storyboard in Resources */,
				276811AB29F90D96005209A0 /* RecentsDoctorCollectionViewCell.xib in Resources */,
				E3620D8829ED3E6B008F9B98 /* HomeStoryboard.storyboard in Resources */,
				E3620D8629ED3E5C008F9B98 /* DoctorProfileStoryboard.storyboard in Resources */,
				276811A329F90D26005209A0 /* CategoryCollectionViewCell.xib in Resources */,
				AC4D05AB29F6845E004E4C44 /* SOS Contacts.storyboard in Resources */,
				3AEA1D0D29E81C90005369C4 /* LoginStoryboard.storyboard in Resources */,
				E3A0D4CE29E40F9B00894838 /* LaunchScreen.storyboard in Resources */,
				E3620D7E29ED3E01008F9B98 /* ConsultStoryboard.storyboard in Resources */,
				E3A0D4CB29E40F9B00894838 /* Assets.xcassets in Resources */,
				E3620D8029ED3E0F008F9B98 /* RecordsStoryboard.storyboard in Resources */,
				276811AF29F90DCF005209A0 /* DoctorCollectionViewCell.xib in Resources */,
				276811B729F90DDF005209A0 /* SlotCollectionViewCell.xib in Resources */,
				276811A729F90D64005209A0 /* TopDoctorCollectionViewCell.xib in Resources */,
				6B36E37429FA70F3003023B3 /* Invoice.storyboard in Resources */,
				E3A0D4C929E40F9A00894838 /* Main.storyboard in Resources */,
				E3620D7C29ED3DDF008F9B98 /* ChatStoryboard.storyboard in Resources */,
				6B38EFB729F686800084981F /* PatientProfileMedicalHistory.storyboard in Resources */,
				276811B329F90DD8005209A0 /* DateCollectionViewCell.xib in Resources */,
				E37D151929F69BA000300948 /* .gitignore in Resources */,
				E3620D8229ED3E18008F9B98 /* PatientProfileStoryboard.storyboard in Resources */,
			);
			runOnlyForDeploymentPostprocessing = 0;
		};
		E3A0D4D229E40F9B00894838 /* Resources */ = {
			isa = PBXResourcesBuildPhase;
			buildActionMask = 2147483647;
			files = (
			);
			runOnlyForDeploymentPostprocessing = 0;
		};
		E3A0D4DC29E40F9B00894838 /* Resources */ = {
			isa = PBXResourcesBuildPhase;
			buildActionMask = 2147483647;
			files = (
			);
			runOnlyForDeploymentPostprocessing = 0;
		};
/* End PBXResourcesBuildPhase section */

/* Begin PBXSourcesBuildPhase section */
		E3A0D4BA29E40F9A00894838 /* Sources */ = {
			isa = PBXSourcesBuildPhase;
			buildActionMask = 2147483647;
			files = (
				CE980B6E29F92FCB0084C590 /* ClickCollectionViewDelegate.swift in Sources */,
				760689B229FD1F2600A29A08 /* AppleHealthTableViewCell.swift in Sources */,
				3A8BD1D329FBA13E002B720C /* SearchResultsViewController.swift in Sources */,
				E3A0D4C629E40F9A00894838 /* ViewController.swift in Sources */,
				3A8BD1C729FBA055002B720C /* PackagesCollectionViewTableViewCell.swift in Sources */,
				3A8BD1C929FBA055002B720C /* CategoriesCollectionViewTableViewCell.swift in Sources */,
				276811B629F90DDF005209A0 /* SlotCollectionViewCell.swift in Sources */,
				7673EBA729EFEABD00F10EB7 /* ProfileViewController.swift in Sources */,
				276811AA29F90D96005209A0 /* RecentsDoctorCollectionViewCell.swift in Sources */,
				760689B529FD2E0E00A29A08 /* AppleHealthFunctions.swift in Sources */,
				E37D151429F6827000300948 /* RecordsTableViewCell.swift in Sources */,
				765F865429F0FE3E009E67F2 /* AppleHealthViewController.swift in Sources */,
				276811A229F90D26005209A0 /* CategoryCollectionViewCell.swift in Sources */,
				3AEA1D0F29E81CBA005369C4 /* LoginViewController.swift in Sources */,
				765F864529EFEFE7009E67F2 /* Home.swift in Sources */,
				CE980B8C29F93D570084C590 /* Utilities.swift in Sources */,
				765F865029F0FE14009E67F2 /* VitalsViewController.swift in Sources */,
				3A8BD1C529FBA055002B720C /* CategoriesCollectionViewCell.swift in Sources */,
				3A8BD1CC29FBA055002B720C /* PackagesCollectionViewCell.swift in Sources */,
				3A8BD1CA29FBA055002B720C /* MedicineCollectionViewCell.swift in Sources */,
				765F865629F0FF4B009E67F2 /* QuickStatsTableViewCell.swift in Sources */,
				276811A629F90D64005209A0 /* TopDoctorCollectionViewCell.swift in Sources */,
				6B38EFBC29F692EC0084981F /* MRTableTableViewCell.swift in Sources */,
				3A8BD1C829FBA055002B720C /* MedicineCollectionViewTableViewCell.swift in Sources */,
				3A8BD1CB29FBA055002B720C /* UpcomingCollectionViewTableViewCell.swift in Sources */,
				765F865929F1046A009E67F2 /* QuickStatsCollectionViewCell.swift in Sources */,
				765F865C29F25C86009E67F2 /* ProfileHeaderUIViewDelegate.swift in Sources */,
				CE980B7D29F936310084C590 /* DiscoverViewController.swift in Sources */,
				765F865F29F268C9009E67F2 /* EditProfileViewController.swift in Sources */,
				765F864B29EFF843009E67F2 /* ProfileHeaderUIView.swift in Sources */,
				3A8BD1D529FBA13E002B720C /* CategoriesCollectionViewController.swift in Sources */,
				3A8BD1C629FBA055002B720C /* UpcomingCollectionViewCell.swift in Sources */,
				3A8BD1D729FBA13E002B720C /* UpcomingAppointmentsViewController.swift in Sources */,
				765F864929EFF40D009E67F2 /* ProfileTableViewCell.swift in Sources */,
				E37D150A29F6684000300948 /* RecordViewController.swift in Sources */,
				6B38EFB929F691CB0084981F /* MedicalhistoryDataModel.swift in Sources */,
				766926A829F691CE00F4F728 /* LoginPatient.swift in Sources */,
				276811AE29F90DCF005209A0 /* DoctorCollectionViewCell.swift in Sources */,
				E3A0D4C229E40F9A00894838 /* AppDelegate.swift in Sources */,
				276811B229F90DD8005209A0 /* DateCollectionViewCell.swift in Sources */,
				E3620D7629ED3BC8008F9B98 /* TabBarViewController.swift in Sources */,
				2790318E29F7CB340031CA6C /* DoctorDetailsViewController.swift in Sources */,
				27D091E129F68127008D6072 /* ListDoctorsViewController.swift in Sources */,
				6B36E37629FA7157003023B3 /* InvoiceViewController.swift in Sources */,
				278CDFB429F0010A001D65BB /* ConsultViewController.swift in Sources */,
				E3A0D4C429E40F9A00894838 /* SceneDelegate.swift in Sources */,
				6B38EFBE29F69E170084981F /* MedicalHistoryCollectionViewCell.swift in Sources */,
				3A8BD1D429FBA13E002B720C /* OngoingMedicationsViewController.swift in Sources */,
				765F864E29F0FD38009E67F2 /* MedicalHistoryViewController.swift in Sources */,
				AC4D05AE29F689D8004E4C44 /* SOSContactCollectionViewCell.swift in Sources */,
				766926A629F68D3C00F4F728 /* UserAuthentication.swift in Sources */,
				3A8BD1D629FBA13E002B720C /* PackagesViewController.swift in Sources */,
				765F866129F26D26009E67F2 /* EditProfileTableViewCell.swift in Sources */,
				E37D151C29F7B45800300948 /* Extensions.swift in Sources */,
				765F865229F0FE2A009E67F2 /* SOSContactsViewController.swift in Sources */,
				765F864129EFEFBB009E67F2 /* Enums.swift in Sources */,
				765F863F29EFEFA5009E67F2 /* User.swift in Sources */,
				765F864329EFEFD1009E67F2 /* Appointments.swift in Sources */,
			);
			runOnlyForDeploymentPostprocessing = 0;
		};
		E3A0D4D029E40F9B00894838 /* Sources */ = {
			isa = PBXSourcesBuildPhase;
			buildActionMask = 2147483647;
			files = (
				E3A0D4D929E40F9B00894838 /* HMS_Team3_SwiftAppTests.swift in Sources */,
			);
			runOnlyForDeploymentPostprocessing = 0;
		};
		E3A0D4DA29E40F9B00894838 /* Sources */ = {
			isa = PBXSourcesBuildPhase;
			buildActionMask = 2147483647;
			files = (
				E3A0D4E529E40F9B00894838 /* HMS_Team3_SwiftAppUITestsLaunchTests.swift in Sources */,
				E3A0D4E329E40F9B00894838 /* HMS_Team3_SwiftAppUITests.swift in Sources */,
			);
			runOnlyForDeploymentPostprocessing = 0;
		};
/* End PBXSourcesBuildPhase section */

/* Begin PBXTargetDependency section */
		E3A0D4D629E40F9B00894838 /* PBXTargetDependency */ = {
			isa = PBXTargetDependency;
			target = E3A0D4BD29E40F9A00894838 /* HMS-Team3-SwiftApp */;
			targetProxy = E3A0D4D529E40F9B00894838 /* PBXContainerItemProxy */;
		};
		E3A0D4E029E40F9B00894838 /* PBXTargetDependency */ = {
			isa = PBXTargetDependency;
			target = E3A0D4BD29E40F9A00894838 /* HMS-Team3-SwiftApp */;
			targetProxy = E3A0D4DF29E40F9B00894838 /* PBXContainerItemProxy */;
		};
/* End PBXTargetDependency section */

/* Begin PBXVariantGroup section */
		E3A0D4C729E40F9A00894838 /* Main.storyboard */ = {
			isa = PBXVariantGroup;
			children = (
				E3A0D4C829E40F9A00894838 /* Base */,
			);
			name = Main.storyboard;
			sourceTree = "<group>";
		};
		E3A0D4CC29E40F9B00894838 /* LaunchScreen.storyboard */ = {
			isa = PBXVariantGroup;
			children = (
				E3A0D4CD29E40F9B00894838 /* Base */,
			);
			name = LaunchScreen.storyboard;
			sourceTree = "<group>";
		};
/* End PBXVariantGroup section */

/* Begin XCBuildConfiguration section */
		E3A0D4E629E40F9B00894838 /* Debug */ = {
			isa = XCBuildConfiguration;
			buildSettings = {
				ALWAYS_SEARCH_USER_PATHS = NO;
				CLANG_ANALYZER_NONNULL = YES;
				CLANG_ANALYZER_NUMBER_OBJECT_CONVERSION = YES_AGGRESSIVE;
				CLANG_CXX_LANGUAGE_STANDARD = "gnu++20";
				CLANG_ENABLE_MODULES = YES;
				CLANG_ENABLE_OBJC_ARC = YES;
				CLANG_ENABLE_OBJC_WEAK = YES;
				CLANG_WARN_BLOCK_CAPTURE_AUTORELEASING = YES;
				CLANG_WARN_BOOL_CONVERSION = YES;
				CLANG_WARN_COMMA = YES;
				CLANG_WARN_CONSTANT_CONVERSION = YES;
				CLANG_WARN_DEPRECATED_OBJC_IMPLEMENTATIONS = YES;
				CLANG_WARN_DIRECT_OBJC_ISA_USAGE = YES_ERROR;
				CLANG_WARN_DOCUMENTATION_COMMENTS = YES;
				CLANG_WARN_EMPTY_BODY = YES;
				CLANG_WARN_ENUM_CONVERSION = YES;
				CLANG_WARN_INFINITE_RECURSION = YES;
				CLANG_WARN_INT_CONVERSION = YES;
				CLANG_WARN_NON_LITERAL_NULL_CONVERSION = YES;
				CLANG_WARN_OBJC_IMPLICIT_RETAIN_SELF = YES;
				CLANG_WARN_OBJC_LITERAL_CONVERSION = YES;
				CLANG_WARN_OBJC_ROOT_CLASS = YES_ERROR;
				CLANG_WARN_QUOTED_INCLUDE_IN_FRAMEWORK_HEADER = YES;
				CLANG_WARN_RANGE_LOOP_ANALYSIS = YES;
				CLANG_WARN_STRICT_PROTOTYPES = YES;
				CLANG_WARN_SUSPICIOUS_MOVE = YES;
				CLANG_WARN_UNGUARDED_AVAILABILITY = YES_AGGRESSIVE;
				CLANG_WARN_UNREACHABLE_CODE = YES;
				CLANG_WARN__DUPLICATE_METHOD_MATCH = YES;
				COPY_PHASE_STRIP = NO;
				DEBUG_INFORMATION_FORMAT = dwarf;
				ENABLE_STRICT_OBJC_MSGSEND = YES;
				ENABLE_TESTABILITY = YES;
				GCC_C_LANGUAGE_STANDARD = gnu11;
				GCC_DYNAMIC_NO_PIC = NO;
				GCC_NO_COMMON_BLOCKS = YES;
				GCC_OPTIMIZATION_LEVEL = 0;
				GCC_PREPROCESSOR_DEFINITIONS = (
					"DEBUG=1",
					"$(inherited)",
				);
				GCC_WARN_64_TO_32_BIT_CONVERSION = YES;
				GCC_WARN_ABOUT_RETURN_TYPE = YES_ERROR;
				GCC_WARN_UNDECLARED_SELECTOR = YES;
				GCC_WARN_UNINITIALIZED_AUTOS = YES_AGGRESSIVE;
				GCC_WARN_UNUSED_FUNCTION = YES;
				GCC_WARN_UNUSED_VARIABLE = YES;
				IPHONEOS_DEPLOYMENT_TARGET = 16.2;
				MTL_ENABLE_DEBUG_INFO = INCLUDE_SOURCE;
				MTL_FAST_MATH = YES;
				ONLY_ACTIVE_ARCH = YES;
				SDKROOT = iphoneos;
				SWIFT_ACTIVE_COMPILATION_CONDITIONS = DEBUG;
				SWIFT_OPTIMIZATION_LEVEL = "-Onone";
			};
			name = Debug;
		};
		E3A0D4E729E40F9B00894838 /* Release */ = {
			isa = XCBuildConfiguration;
			buildSettings = {
				ALWAYS_SEARCH_USER_PATHS = NO;
				CLANG_ANALYZER_NONNULL = YES;
				CLANG_ANALYZER_NUMBER_OBJECT_CONVERSION = YES_AGGRESSIVE;
				CLANG_CXX_LANGUAGE_STANDARD = "gnu++20";
				CLANG_ENABLE_MODULES = YES;
				CLANG_ENABLE_OBJC_ARC = YES;
				CLANG_ENABLE_OBJC_WEAK = YES;
				CLANG_WARN_BLOCK_CAPTURE_AUTORELEASING = YES;
				CLANG_WARN_BOOL_CONVERSION = YES;
				CLANG_WARN_COMMA = YES;
				CLANG_WARN_CONSTANT_CONVERSION = YES;
				CLANG_WARN_DEPRECATED_OBJC_IMPLEMENTATIONS = YES;
				CLANG_WARN_DIRECT_OBJC_ISA_USAGE = YES_ERROR;
				CLANG_WARN_DOCUMENTATION_COMMENTS = YES;
				CLANG_WARN_EMPTY_BODY = YES;
				CLANG_WARN_ENUM_CONVERSION = YES;
				CLANG_WARN_INFINITE_RECURSION = YES;
				CLANG_WARN_INT_CONVERSION = YES;
				CLANG_WARN_NON_LITERAL_NULL_CONVERSION = YES;
				CLANG_WARN_OBJC_IMPLICIT_RETAIN_SELF = YES;
				CLANG_WARN_OBJC_LITERAL_CONVERSION = YES;
				CLANG_WARN_OBJC_ROOT_CLASS = YES_ERROR;
				CLANG_WARN_QUOTED_INCLUDE_IN_FRAMEWORK_HEADER = YES;
				CLANG_WARN_RANGE_LOOP_ANALYSIS = YES;
				CLANG_WARN_STRICT_PROTOTYPES = YES;
				CLANG_WARN_SUSPICIOUS_MOVE = YES;
				CLANG_WARN_UNGUARDED_AVAILABILITY = YES_AGGRESSIVE;
				CLANG_WARN_UNREACHABLE_CODE = YES;
				CLANG_WARN__DUPLICATE_METHOD_MATCH = YES;
				COPY_PHASE_STRIP = NO;
				DEBUG_INFORMATION_FORMAT = "dwarf-with-dsym";
				ENABLE_NS_ASSERTIONS = NO;
				ENABLE_STRICT_OBJC_MSGSEND = YES;
				GCC_C_LANGUAGE_STANDARD = gnu11;
				GCC_NO_COMMON_BLOCKS = YES;
				GCC_WARN_64_TO_32_BIT_CONVERSION = YES;
				GCC_WARN_ABOUT_RETURN_TYPE = YES_ERROR;
				GCC_WARN_UNDECLARED_SELECTOR = YES;
				GCC_WARN_UNINITIALIZED_AUTOS = YES_AGGRESSIVE;
				GCC_WARN_UNUSED_FUNCTION = YES;
				GCC_WARN_UNUSED_VARIABLE = YES;
				IPHONEOS_DEPLOYMENT_TARGET = 16.2;
				MTL_ENABLE_DEBUG_INFO = NO;
				MTL_FAST_MATH = YES;
				SDKROOT = iphoneos;
				SWIFT_COMPILATION_MODE = wholemodule;
				SWIFT_OPTIMIZATION_LEVEL = "-O";
				VALIDATE_PRODUCT = YES;
			};
			name = Release;
		};
		E3A0D4E929E40F9B00894838 /* Debug */ = {
			isa = XCBuildConfiguration;
			buildSettings = {
				ASSETCATALOG_COMPILER_APPICON_NAME = AppIcon;
				ASSETCATALOG_COMPILER_GLOBAL_ACCENT_COLOR_NAME = AccentColor;
				CODE_SIGN_ENTITLEMENTS = "HMS-Team3-SwiftApp/HMS-Team3-SwiftApp.entitlements";
				CODE_SIGN_STYLE = Automatic;
				CURRENT_PROJECT_VERSION = 1;
				DEVELOPMENT_TEAM = YK69472845;
				GENERATE_INFOPLIST_FILE = YES;
				INFOPLIST_FILE = "HMS-Team3-SwiftApp/Info.plist";
				INFOPLIST_KEY_NSHealthShareUsageDescription = "Allow this app to share your Health data to doctors and clinicians.";
				INFOPLIST_KEY_NSHealthUpdateUsageDescription = "Allow this app to write health data provided from your doctor or clinician.";
				INFOPLIST_KEY_UIApplicationSupportsIndirectInputEvents = YES;
				INFOPLIST_KEY_UILaunchStoryboardName = LaunchScreen;
				INFOPLIST_KEY_UIMainStoryboardFile = Main;
				INFOPLIST_KEY_UISupportedInterfaceOrientations_iPad = "UIInterfaceOrientationPortrait UIInterfaceOrientationPortraitUpsideDown UIInterfaceOrientationLandscapeLeft UIInterfaceOrientationLandscapeRight";
				INFOPLIST_KEY_UISupportedInterfaceOrientations_iPhone = "UIInterfaceOrientationPortrait UIInterfaceOrientationLandscapeLeft UIInterfaceOrientationLandscapeRight";
				IPHONEOS_DEPLOYMENT_TARGET = 15.4;
				LD_RUNPATH_SEARCH_PATHS = (
					"$(inherited)",
					"@executable_path/Frameworks",
				);
				MARKETING_VERSION = 1.0;
				PRODUCT_BUNDLE_IDENTIFIER = "iosApp.HMS-Team3-SwiftApp";
				PRODUCT_NAME = "$(TARGET_NAME)";
				SWIFT_EMIT_LOC_STRINGS = YES;
				SWIFT_VERSION = 5.0;
				TARGETED_DEVICE_FAMILY = "1,2";
			};
			name = Debug;
		};
		E3A0D4EA29E40F9B00894838 /* Release */ = {
			isa = XCBuildConfiguration;
			buildSettings = {
				ASSETCATALOG_COMPILER_APPICON_NAME = AppIcon;
				ASSETCATALOG_COMPILER_GLOBAL_ACCENT_COLOR_NAME = AccentColor;
				CODE_SIGN_ENTITLEMENTS = "HMS-Team3-SwiftApp/HMS-Team3-SwiftApp.entitlements";
				CODE_SIGN_STYLE = Automatic;
				CURRENT_PROJECT_VERSION = 1;
				DEVELOPMENT_TEAM = YK69472845;
				GENERATE_INFOPLIST_FILE = YES;
				INFOPLIST_FILE = "HMS-Team3-SwiftApp/Info.plist";
				INFOPLIST_KEY_NSHealthShareUsageDescription = "Allow this app to share your Health data to doctors and clinicians.";
				INFOPLIST_KEY_NSHealthUpdateUsageDescription = "Allow this app to write health data provided from your doctor or clinician.";
				INFOPLIST_KEY_UIApplicationSupportsIndirectInputEvents = YES;
				INFOPLIST_KEY_UILaunchStoryboardName = LaunchScreen;
				INFOPLIST_KEY_UIMainStoryboardFile = Main;
				INFOPLIST_KEY_UISupportedInterfaceOrientations_iPad = "UIInterfaceOrientationPortrait UIInterfaceOrientationPortraitUpsideDown UIInterfaceOrientationLandscapeLeft UIInterfaceOrientationLandscapeRight";
				INFOPLIST_KEY_UISupportedInterfaceOrientations_iPhone = "UIInterfaceOrientationPortrait UIInterfaceOrientationLandscapeLeft UIInterfaceOrientationLandscapeRight";
				IPHONEOS_DEPLOYMENT_TARGET = 15.4;
				LD_RUNPATH_SEARCH_PATHS = (
					"$(inherited)",
					"@executable_path/Frameworks",
				);
				MARKETING_VERSION = 1.0;
				PRODUCT_BUNDLE_IDENTIFIER = "iosApp.HMS-Team3-SwiftApp";
				PRODUCT_NAME = "$(TARGET_NAME)";
				SWIFT_EMIT_LOC_STRINGS = YES;
				SWIFT_VERSION = 5.0;
				TARGETED_DEVICE_FAMILY = "1,2";
			};
			name = Release;
		};
		E3A0D4EC29E40F9B00894838 /* Debug */ = {
			isa = XCBuildConfiguration;
			buildSettings = {
				ALWAYS_EMBED_SWIFT_STANDARD_LIBRARIES = YES;
				BUNDLE_LOADER = "$(TEST_HOST)";
				CODE_SIGN_STYLE = Automatic;
				CURRENT_PROJECT_VERSION = 1;
				DEVELOPMENT_TEAM = YK69472845;
				GENERATE_INFOPLIST_FILE = YES;
				IPHONEOS_DEPLOYMENT_TARGET = 16.2;
				MARKETING_VERSION = 1.0;
				PRODUCT_BUNDLE_IDENTIFIER = "iosApp.HMS-Team3-SwiftAppTests";
				PRODUCT_NAME = "$(TARGET_NAME)";
				SWIFT_EMIT_LOC_STRINGS = NO;
				SWIFT_VERSION = 5.0;
				TARGETED_DEVICE_FAMILY = "1,2";
				TEST_HOST = "$(BUILT_PRODUCTS_DIR)/HMS-Team3-SwiftApp.app/$(BUNDLE_EXECUTABLE_FOLDER_PATH)/HMS-Team3-SwiftApp";
			};
			name = Debug;
		};
		E3A0D4ED29E40F9B00894838 /* Release */ = {
			isa = XCBuildConfiguration;
			buildSettings = {
				ALWAYS_EMBED_SWIFT_STANDARD_LIBRARIES = YES;
				BUNDLE_LOADER = "$(TEST_HOST)";
				CODE_SIGN_STYLE = Automatic;
				CURRENT_PROJECT_VERSION = 1;
				DEVELOPMENT_TEAM = YK69472845;
				GENERATE_INFOPLIST_FILE = YES;
				IPHONEOS_DEPLOYMENT_TARGET = 16.2;
				MARKETING_VERSION = 1.0;
				PRODUCT_BUNDLE_IDENTIFIER = "iosApp.HMS-Team3-SwiftAppTests";
				PRODUCT_NAME = "$(TARGET_NAME)";
				SWIFT_EMIT_LOC_STRINGS = NO;
				SWIFT_VERSION = 5.0;
				TARGETED_DEVICE_FAMILY = "1,2";
				TEST_HOST = "$(BUILT_PRODUCTS_DIR)/HMS-Team3-SwiftApp.app/$(BUNDLE_EXECUTABLE_FOLDER_PATH)/HMS-Team3-SwiftApp";
			};
			name = Release;
		};
		E3A0D4EF29E40F9B00894838 /* Debug */ = {
			isa = XCBuildConfiguration;
			buildSettings = {
				ALWAYS_EMBED_SWIFT_STANDARD_LIBRARIES = YES;
				CODE_SIGN_STYLE = Automatic;
				CURRENT_PROJECT_VERSION = 1;
				GENERATE_INFOPLIST_FILE = YES;
				MARKETING_VERSION = 1.0;
				PRODUCT_BUNDLE_IDENTIFIER = "iosApp.HMS-Team3-SwiftAppUITests";
				PRODUCT_NAME = "$(TARGET_NAME)";
				SWIFT_EMIT_LOC_STRINGS = NO;
				SWIFT_VERSION = 5.0;
				TARGETED_DEVICE_FAMILY = "1,2";
				TEST_TARGET_NAME = "HMS-Team3-SwiftApp";
			};
			name = Debug;
		};
		E3A0D4F029E40F9B00894838 /* Release */ = {
			isa = XCBuildConfiguration;
			buildSettings = {
				ALWAYS_EMBED_SWIFT_STANDARD_LIBRARIES = YES;
				CODE_SIGN_STYLE = Automatic;
				CURRENT_PROJECT_VERSION = 1;
				GENERATE_INFOPLIST_FILE = YES;
				MARKETING_VERSION = 1.0;
				PRODUCT_BUNDLE_IDENTIFIER = "iosApp.HMS-Team3-SwiftAppUITests";
				PRODUCT_NAME = "$(TARGET_NAME)";
				SWIFT_EMIT_LOC_STRINGS = NO;
				SWIFT_VERSION = 5.0;
				TARGETED_DEVICE_FAMILY = "1,2";
				TEST_TARGET_NAME = "HMS-Team3-SwiftApp";
			};
			name = Release;
		};
/* End XCBuildConfiguration section */

/* Begin XCConfigurationList section */
		E3A0D4B929E40F9A00894838 /* Build configuration list for PBXProject "HMS-Team3-SwiftApp" */ = {
			isa = XCConfigurationList;
			buildConfigurations = (
				E3A0D4E629E40F9B00894838 /* Debug */,
				E3A0D4E729E40F9B00894838 /* Release */,
			);
			defaultConfigurationIsVisible = 0;
			defaultConfigurationName = Release;
		};
		E3A0D4E829E40F9B00894838 /* Build configuration list for PBXNativeTarget "HMS-Team3-SwiftApp" */ = {
			isa = XCConfigurationList;
			buildConfigurations = (
				E3A0D4E929E40F9B00894838 /* Debug */,
				E3A0D4EA29E40F9B00894838 /* Release */,
			);
			defaultConfigurationIsVisible = 0;
			defaultConfigurationName = Release;
		};
		E3A0D4EB29E40F9B00894838 /* Build configuration list for PBXNativeTarget "HMS-Team3-SwiftAppTests" */ = {
			isa = XCConfigurationList;
			buildConfigurations = (
				E3A0D4EC29E40F9B00894838 /* Debug */,
				E3A0D4ED29E40F9B00894838 /* Release */,
			);
			defaultConfigurationIsVisible = 0;
			defaultConfigurationName = Release;
		};
		E3A0D4EE29E40F9B00894838 /* Build configuration list for PBXNativeTarget "HMS-Team3-SwiftAppUITests" */ = {
			isa = XCConfigurationList;
			buildConfigurations = (
				E3A0D4EF29E40F9B00894838 /* Debug */,
				E3A0D4F029E40F9B00894838 /* Release */,
			);
			defaultConfigurationIsVisible = 0;
			defaultConfigurationName = Release;
		};
/* End XCConfigurationList section */

/* Begin XCRemoteSwiftPackageReference section */
		76D7A21029F6873D00E6F225 /* XCRemoteSwiftPackageReference "firebase-ios-sdk" */ = {
			isa = XCRemoteSwiftPackageReference;
			repositoryURL = "https://github.com/firebase/firebase-ios-sdk";
			requirement = {
				kind = upToNextMajorVersion;
				minimumVersion = 9.0.0;
			};
		};
		76D7A21529F6895600E6F225 /* XCRemoteSwiftPackageReference "GoogleSignIn-iOS" */ = {
			isa = XCRemoteSwiftPackageReference;
			repositoryURL = "https://github.com/google/GoogleSignIn-iOS.git";
			requirement = {
				kind = upToNextMajorVersion;
				minimumVersion = 7.0.0;
			};
		};
/* End XCRemoteSwiftPackageReference section */

/* Begin XCSwiftPackageProductDependency section */
		76D7A21129F6873D00E6F225 /* FirebaseAuth */ = {
			isa = XCSwiftPackageProductDependency;
			package = 76D7A21029F6873D00E6F225 /* XCRemoteSwiftPackageReference "firebase-ios-sdk" */;
			productName = FirebaseAuth;
		};
		76D7A21329F6873D00E6F225 /* FirebaseFirestore */ = {
			isa = XCSwiftPackageProductDependency;
			package = 76D7A21029F6873D00E6F225 /* XCRemoteSwiftPackageReference "firebase-ios-sdk" */;
			productName = FirebaseFirestore;
		};
		76D7A21629F6895600E6F225 /* GoogleSignIn */ = {
			isa = XCSwiftPackageProductDependency;
			package = 76D7A21529F6895600E6F225 /* XCRemoteSwiftPackageReference "GoogleSignIn-iOS" */;
			productName = GoogleSignIn;
		};
/* End XCSwiftPackageProductDependency section */
	};
	rootObject = E3A0D4B629E40F9A00894838 /* Project object */;
}
